
Microsoft Visual Studio Solution File, Format Version 12.00
# Visual Studio Version 16
VisualStudioVersion = 16.0.29806.167
MinimumVisualStudioVersion = 10.0.40219.1
Project("{FAE04EC0-301F-11D3-BF4B-00C04F79EFBC}") = "SongInfoLookup", "SongInfoLookup\SongInfoLookup.csproj", "{E3CB1508-FEAE-4870-980C-CA1B96850E92}"
EndProject
Project("{FAE04EC0-301F-11D3-BF4B-00C04F79EFBC}") = "DataModel", "DataModel\DataModel.csproj", "{F3727A39-B6CC-4A8F-8168-6AD2AECCAD7E}"
EndProject
Project("{FAE04EC0-301F-11D3-BF4B-00C04F79EFBC}") = "WmpComponentTest", "WmpComponentTest\WmpComponentTest.csproj", "{A15F0DAC-D0A6-47DC-892E-B31B875C83F8}"
EndProject
Project("{FAE04EC0-301F-11D3-BF4B-00C04F79EFBC}") = "ViewModelCommands", "ViewModelCommands\ViewModelCommands.csproj", "{FF709AB5-21F6-4B0C-B872-B6AABFF715E8}"
EndProject
Project("{FAE04EC0-301F-11D3-BF4B-00C04F79EFBC}") = "UiComponents", "UiComponents\UiComponents.csproj", "{02E2C976-8441-420D-9304-F784EE91F0BD}"
EndProject
Project("{FAE04EC0-301F-11D3-BF4B-00C04F79EFBC}") = "JukeShared", "JukeShared\JukeShared.csproj", "{8EC8E270-EBCA-417F-BC2B-C858EC40CA1D}"
EndProject
Project("{FAE04EC0-301F-11D3-BF4B-00C04F79EFBC}") = "Messaging", "Messaging\Messaging.csproj", "{24E59999-2CB5-4435-BC29-1CE24F0F10BC}"
EndProject
Project("{2150E333-8FDC-42A3-9474-1A3956D46DE8}") = "Tests", "Tests", "{B895A5FB-2074-49F4-863B-F39DFC0357EC}"
EndProject
Project("{FAE04EC0-301F-11D3-BF4B-00C04F79EFBC}") = "ViewModel", "ViewModel\ViewModel.csproj", "{F64592C6-03A9-4611-BAB3-558997B426AB}"
EndProject
Project("{FAE04EC0-301F-11D3-BF4B-00C04F79EFBC}") = "XmlLibrary", "XmlLibrary\XmlLibrary.csproj", "{7AEEF794-9078-449C-B415-A1C86337BEF6}"
EndProject
Project("{FAE04EC0-301F-11D3-BF4B-00C04F79EFBC}") = "JukeController", "JukeController\JukeController.csproj", "{41B09700-EF74-4D98-A8A6-3A51FCA23BD8}"
EndProject
Project("{FAE04EC0-301F-11D3-BF4B-00C04F79EFBC}") = "JukeControllerTests", "JukeControllerTests\JukeControllerTests.csproj", "{7A8B7091-FDD4-4C44-8A1F-C1B46588D847}"
EndProject
Project("{FAE04EC0-301F-11D3-BF4B-00C04F79EFBC}") = "ViewModelTests", "ViewModelTests\ViewModelTests.csproj", "{ED52A022-A720-4570-8BCD-CD5F3897BC9E}"
EndProject
Project("{FAE04EC0-301F-11D3-BF4B-00C04F79EFBC}") = "Stubs2", "Stubs2\Stubs2.csproj", "{9D20E911-0A02-43F4-B57B-CFD7680D6C00}"
EndProject
Project("{FAE04EC0-301F-11D3-BF4B-00C04F79EFBC}") = "WpfGui", "ManagerWindow\WpfGui.csproj", "{8B960CCC-88F1-4D7C-AC5F-2887E1317C68}"
EndProject
Project("{FAE04EC0-301F-11D3-BF4B-00C04F79EFBC}") = "WmpComponent", "WmpComponent\WmpComponent.csproj", "{252BA8A1-FA82-4E36-8840-9A0539D53CCE}"
EndProject
Project("{FAE04EC0-301F-11D3-BF4B-00C04F79EFBC}") = "CoreSongReader", "CoreSongReader\CoreSongReader.csproj", "{2719BB2D-6785-45DF-BA3C-5F203B0E3AB2}"
EndProject
Project("{FAE04EC0-301F-11D3-BF4B-00C04F79EFBC}") = "CoreAudioComponent", "CoreAudioComponent\CoreAudioComponent.csproj", "{72B6AEB6-E0A7-4D42-A164-199F3D74EBC7}"
EndProject
Project("{2150E333-8FDC-42A3-9474-1A3956D46DE8}") = "Audio", "Audio", "{AB7BC37D-A8CD-4332-9FD7-5443EB6B559D}"
EndProject
Project("{2150E333-8FDC-42A3-9474-1A3956D46DE8}") = "IO", "IO", "{8D2303ED-10C4-4439-B3F2-2395CD06F88A}"
EndProject
Project("{2150E333-8FDC-42A3-9474-1A3956D46DE8}") = "GUI", "GUI", "{0E00FD1E-1204-44CC-91D7-D9FC3109C696}"
EndProject
Project("{2150E333-8FDC-42A3-9474-1A3956D46DE8}") = "Windows", "Windows", "{C90E0D5C-AF99-4098-9406-EE20DCA61DA5}"
EndProject
Global
	GlobalSection(SolutionConfigurationPlatforms) = preSolution
		Debug|Any CPU = Debug|Any CPU
		Debug|ARM = Debug|ARM
		Debug|ARM64 = Debug|ARM64
		Debug|iPhone = Debug|iPhone
		Debug|iPhoneSimulator = Debug|iPhoneSimulator
		Debug|x64 = Debug|x64
		Debug|x86 = Debug|x86
		Release|Any CPU = Release|Any CPU
		Release|ARM = Release|ARM
		Release|ARM64 = Release|ARM64
		Release|iPhone = Release|iPhone
		Release|iPhoneSimulator = Release|iPhoneSimulator
		Release|x64 = Release|x64
		Release|x86 = Release|x86
		Mac|Any CPU = Mac|Any CPU
	EndGlobalSection
	GlobalSection(ProjectConfigurationPlatforms) = postSolution
		{E3CB1508-FEAE-4870-980C-CA1B96850E92}.Debug|Any CPU.ActiveCfg = Debug|Any CPU
		{E3CB1508-FEAE-4870-980C-CA1B96850E92}.Debug|Any CPU.Build.0 = Debug|Any CPU
		{E3CB1508-FEAE-4870-980C-CA1B96850E92}.Debug|ARM.ActiveCfg = Debug|Any CPU
		{E3CB1508-FEAE-4870-980C-CA1B96850E92}.Debug|ARM.Build.0 = Debug|Any CPU
		{E3CB1508-FEAE-4870-980C-CA1B96850E92}.Debug|ARM64.ActiveCfg = Debug|Any CPU
		{E3CB1508-FEAE-4870-980C-CA1B96850E92}.Debug|ARM64.Build.0 = Debug|Any CPU
		{E3CB1508-FEAE-4870-980C-CA1B96850E92}.Debug|iPhone.ActiveCfg = Debug|Any CPU
		{E3CB1508-FEAE-4870-980C-CA1B96850E92}.Debug|iPhoneSimulator.ActiveCfg = Debug|Any CPU
		{E3CB1508-FEAE-4870-980C-CA1B96850E92}.Debug|x64.ActiveCfg = Debug|Any CPU
		{E3CB1508-FEAE-4870-980C-CA1B96850E92}.Debug|x64.Build.0 = Debug|Any CPU
		{E3CB1508-FEAE-4870-980C-CA1B96850E92}.Debug|x86.ActiveCfg = Debug|Any CPU
		{E3CB1508-FEAE-4870-980C-CA1B96850E92}.Debug|x86.Build.0 = Debug|Any CPU
		{E3CB1508-FEAE-4870-980C-CA1B96850E92}.Release|Any CPU.ActiveCfg = Release|Any CPU
		{E3CB1508-FEAE-4870-980C-CA1B96850E92}.Release|Any CPU.Build.0 = Release|Any CPU
		{E3CB1508-FEAE-4870-980C-CA1B96850E92}.Release|ARM.ActiveCfg = Release|Any CPU
		{E3CB1508-FEAE-4870-980C-CA1B96850E92}.Release|ARM.Build.0 = Release|Any CPU
		{E3CB1508-FEAE-4870-980C-CA1B96850E92}.Release|ARM64.ActiveCfg = Release|Any CPU
		{E3CB1508-FEAE-4870-980C-CA1B96850E92}.Release|ARM64.Build.0 = Release|Any CPU
		{E3CB1508-FEAE-4870-980C-CA1B96850E92}.Release|iPhone.ActiveCfg = Release|Any CPU
		{E3CB1508-FEAE-4870-980C-CA1B96850E92}.Release|iPhoneSimulator.ActiveCfg = Release|Any CPU
		{E3CB1508-FEAE-4870-980C-CA1B96850E92}.Release|x64.ActiveCfg = Release|Any CPU
		{E3CB1508-FEAE-4870-980C-CA1B96850E92}.Release|x64.Build.0 = Release|Any CPU
		{E3CB1508-FEAE-4870-980C-CA1B96850E92}.Release|x86.ActiveCfg = Release|Any CPU
		{E3CB1508-FEAE-4870-980C-CA1B96850E92}.Release|x86.Build.0 = Release|Any CPU
		{E3CB1508-FEAE-4870-980C-CA1B96850E92}.Mac|Any CPU.ActiveCfg = Debug|Any CPU
		{E3CB1508-FEAE-4870-980C-CA1B96850E92}.Mac|Any CPU.Build.0 = Debug|Any CPU
		{F3727A39-B6CC-4A8F-8168-6AD2AECCAD7E}.Debug|Any CPU.ActiveCfg = Debug|Any CPU
		{F3727A39-B6CC-4A8F-8168-6AD2AECCAD7E}.Debug|Any CPU.Build.0 = Debug|Any CPU
		{F3727A39-B6CC-4A8F-8168-6AD2AECCAD7E}.Debug|ARM.ActiveCfg = Debug|Any CPU
		{F3727A39-B6CC-4A8F-8168-6AD2AECCAD7E}.Debug|ARM.Build.0 = Debug|Any CPU
		{F3727A39-B6CC-4A8F-8168-6AD2AECCAD7E}.Debug|ARM64.ActiveCfg = Debug|Any CPU
		{F3727A39-B6CC-4A8F-8168-6AD2AECCAD7E}.Debug|ARM64.Build.0 = Debug|Any CPU
		{F3727A39-B6CC-4A8F-8168-6AD2AECCAD7E}.Debug|iPhone.ActiveCfg = Debug|Any CPU
		{F3727A39-B6CC-4A8F-8168-6AD2AECCAD7E}.Debug|iPhone.Build.0 = Debug|Any CPU
		{F3727A39-B6CC-4A8F-8168-6AD2AECCAD7E}.Debug|iPhoneSimulator.ActiveCfg = Debug|Any CPU
		{F3727A39-B6CC-4A8F-8168-6AD2AECCAD7E}.Debug|iPhoneSimulator.Build.0 = Debug|Any CPU
		{F3727A39-B6CC-4A8F-8168-6AD2AECCAD7E}.Debug|x64.ActiveCfg = Debug|Any CPU
		{F3727A39-B6CC-4A8F-8168-6AD2AECCAD7E}.Debug|x64.Build.0 = Debug|Any CPU
		{F3727A39-B6CC-4A8F-8168-6AD2AECCAD7E}.Debug|x86.ActiveCfg = Debug|Any CPU
		{F3727A39-B6CC-4A8F-8168-6AD2AECCAD7E}.Debug|x86.Build.0 = Debug|Any CPU
		{F3727A39-B6CC-4A8F-8168-6AD2AECCAD7E}.Release|Any CPU.ActiveCfg = Release|Any CPU
		{F3727A39-B6CC-4A8F-8168-6AD2AECCAD7E}.Release|Any CPU.Build.0 = Release|Any CPU
		{F3727A39-B6CC-4A8F-8168-6AD2AECCAD7E}.Release|ARM.ActiveCfg = Release|Any CPU
		{F3727A39-B6CC-4A8F-8168-6AD2AECCAD7E}.Release|ARM.Build.0 = Release|Any CPU
		{F3727A39-B6CC-4A8F-8168-6AD2AECCAD7E}.Release|ARM64.ActiveCfg = Release|Any CPU
		{F3727A39-B6CC-4A8F-8168-6AD2AECCAD7E}.Release|ARM64.Build.0 = Release|Any CPU
		{F3727A39-B6CC-4A8F-8168-6AD2AECCAD7E}.Release|iPhone.ActiveCfg = Release|Any CPU
		{F3727A39-B6CC-4A8F-8168-6AD2AECCAD7E}.Release|iPhone.Build.0 = Release|Any CPU
		{F3727A39-B6CC-4A8F-8168-6AD2AECCAD7E}.Release|iPhoneSimulator.ActiveCfg = Release|Any CPU
		{F3727A39-B6CC-4A8F-8168-6AD2AECCAD7E}.Release|iPhoneSimulator.Build.0 = Release|Any CPU
		{F3727A39-B6CC-4A8F-8168-6AD2AECCAD7E}.Release|x64.ActiveCfg = Release|Any CPU
		{F3727A39-B6CC-4A8F-8168-6AD2AECCAD7E}.Release|x64.Build.0 = Release|Any CPU
		{F3727A39-B6CC-4A8F-8168-6AD2AECCAD7E}.Release|x86.ActiveCfg = Release|Any CPU
		{F3727A39-B6CC-4A8F-8168-6AD2AECCAD7E}.Release|x86.Build.0 = Release|Any CPU
		{F3727A39-B6CC-4A8F-8168-6AD2AECCAD7E}.Mac|Any CPU.ActiveCfg = Debug|Any CPU
		{F3727A39-B6CC-4A8F-8168-6AD2AECCAD7E}.Mac|Any CPU.Build.0 = Debug|Any CPU
		{A15F0DAC-D0A6-47DC-892E-B31B875C83F8}.Debug|Any CPU.ActiveCfg = Debug|Any CPU
		{A15F0DAC-D0A6-47DC-892E-B31B875C83F8}.Debug|Any CPU.Build.0 = Debug|Any CPU
		{A15F0DAC-D0A6-47DC-892E-B31B875C83F8}.Debug|ARM.ActiveCfg = Debug|Any CPU
		{A15F0DAC-D0A6-47DC-892E-B31B875C83F8}.Debug|ARM.Build.0 = Debug|Any CPU
		{A15F0DAC-D0A6-47DC-892E-B31B875C83F8}.Debug|ARM64.ActiveCfg = Debug|Any CPU
		{A15F0DAC-D0A6-47DC-892E-B31B875C83F8}.Debug|ARM64.Build.0 = Debug|Any CPU
		{A15F0DAC-D0A6-47DC-892E-B31B875C83F8}.Debug|iPhone.ActiveCfg = Debug|Any CPU
		{A15F0DAC-D0A6-47DC-892E-B31B875C83F8}.Debug|iPhone.Build.0 = Debug|Any CPU
		{A15F0DAC-D0A6-47DC-892E-B31B875C83F8}.Debug|iPhoneSimulator.ActiveCfg = Debug|Any CPU
		{A15F0DAC-D0A6-47DC-892E-B31B875C83F8}.Debug|iPhoneSimulator.Build.0 = Debug|Any CPU
		{A15F0DAC-D0A6-47DC-892E-B31B875C83F8}.Debug|x64.ActiveCfg = Debug|Any CPU
		{A15F0DAC-D0A6-47DC-892E-B31B875C83F8}.Debug|x64.Build.0 = Debug|Any CPU
		{A15F0DAC-D0A6-47DC-892E-B31B875C83F8}.Debug|x86.ActiveCfg = Debug|Any CPU
		{A15F0DAC-D0A6-47DC-892E-B31B875C83F8}.Debug|x86.Build.0 = Debug|Any CPU
		{A15F0DAC-D0A6-47DC-892E-B31B875C83F8}.Release|Any CPU.ActiveCfg = Release|Any CPU
		{A15F0DAC-D0A6-47DC-892E-B31B875C83F8}.Release|Any CPU.Build.0 = Release|Any CPU
		{A15F0DAC-D0A6-47DC-892E-B31B875C83F8}.Release|ARM.ActiveCfg = Release|Any CPU
		{A15F0DAC-D0A6-47DC-892E-B31B875C83F8}.Release|ARM.Build.0 = Release|Any CPU
		{A15F0DAC-D0A6-47DC-892E-B31B875C83F8}.Release|ARM64.ActiveCfg = Release|Any CPU
		{A15F0DAC-D0A6-47DC-892E-B31B875C83F8}.Release|ARM64.Build.0 = Release|Any CPU
		{A15F0DAC-D0A6-47DC-892E-B31B875C83F8}.Release|iPhone.ActiveCfg = Release|Any CPU
		{A15F0DAC-D0A6-47DC-892E-B31B875C83F8}.Release|iPhone.Build.0 = Release|Any CPU
		{A15F0DAC-D0A6-47DC-892E-B31B875C83F8}.Release|iPhoneSimulator.ActiveCfg = Release|Any CPU
		{A15F0DAC-D0A6-47DC-892E-B31B875C83F8}.Release|iPhoneSimulator.Build.0 = Release|Any CPU
		{A15F0DAC-D0A6-47DC-892E-B31B875C83F8}.Release|x64.ActiveCfg = Release|Any CPU
		{A15F0DAC-D0A6-47DC-892E-B31B875C83F8}.Release|x64.Build.0 = Release|Any CPU
		{A15F0DAC-D0A6-47DC-892E-B31B875C83F8}.Release|x86.ActiveCfg = Release|Any CPU
		{A15F0DAC-D0A6-47DC-892E-B31B875C83F8}.Release|x86.Build.0 = Release|Any CPU
		{A15F0DAC-D0A6-47DC-892E-B31B875C83F8}.Mac|Any CPU.ActiveCfg = Mac|Any CPU
		{FF709AB5-21F6-4B0C-B872-B6AABFF715E8}.Debug|Any CPU.ActiveCfg = Debug|Any CPU
		{FF709AB5-21F6-4B0C-B872-B6AABFF715E8}.Debug|Any CPU.Build.0 = Debug|Any CPU
		{FF709AB5-21F6-4B0C-B872-B6AABFF715E8}.Debug|ARM.ActiveCfg = Debug|Any CPU
		{FF709AB5-21F6-4B0C-B872-B6AABFF715E8}.Debug|ARM.Build.0 = Debug|Any CPU
		{FF709AB5-21F6-4B0C-B872-B6AABFF715E8}.Debug|ARM64.ActiveCfg = Debug|Any CPU
		{FF709AB5-21F6-4B0C-B872-B6AABFF715E8}.Debug|ARM64.Build.0 = Debug|Any CPU
		{FF709AB5-21F6-4B0C-B872-B6AABFF715E8}.Debug|iPhone.ActiveCfg = Debug|Any CPU
		{FF709AB5-21F6-4B0C-B872-B6AABFF715E8}.Debug|iPhone.Build.0 = Debug|Any CPU
		{FF709AB5-21F6-4B0C-B872-B6AABFF715E8}.Debug|iPhoneSimulator.ActiveCfg = Debug|Any CPU
		{FF709AB5-21F6-4B0C-B872-B6AABFF715E8}.Debug|iPhoneSimulator.Build.0 = Debug|Any CPU
		{FF709AB5-21F6-4B0C-B872-B6AABFF715E8}.Debug|x64.ActiveCfg = Debug|Any CPU
		{FF709AB5-21F6-4B0C-B872-B6AABFF715E8}.Debug|x64.Build.0 = Debug|Any CPU
		{FF709AB5-21F6-4B0C-B872-B6AABFF715E8}.Debug|x86.ActiveCfg = Debug|Any CPU
		{FF709AB5-21F6-4B0C-B872-B6AABFF715E8}.Debug|x86.Build.0 = Debug|Any CPU
		{FF709AB5-21F6-4B0C-B872-B6AABFF715E8}.Release|Any CPU.ActiveCfg = Release|Any CPU
		{FF709AB5-21F6-4B0C-B872-B6AABFF715E8}.Release|Any CPU.Build.0 = Release|Any CPU
		{FF709AB5-21F6-4B0C-B872-B6AABFF715E8}.Release|ARM.ActiveCfg = Release|Any CPU
		{FF709AB5-21F6-4B0C-B872-B6AABFF715E8}.Release|ARM.Build.0 = Release|Any CPU
		{FF709AB5-21F6-4B0C-B872-B6AABFF715E8}.Release|ARM64.ActiveCfg = Release|Any CPU
		{FF709AB5-21F6-4B0C-B872-B6AABFF715E8}.Release|ARM64.Build.0 = Release|Any CPU
		{FF709AB5-21F6-4B0C-B872-B6AABFF715E8}.Release|iPhone.ActiveCfg = Release|Any CPU
		{FF709AB5-21F6-4B0C-B872-B6AABFF715E8}.Release|iPhone.Build.0 = Release|Any CPU
		{FF709AB5-21F6-4B0C-B872-B6AABFF715E8}.Release|iPhoneSimulator.ActiveCfg = Release|Any CPU
		{FF709AB5-21F6-4B0C-B872-B6AABFF715E8}.Release|iPhoneSimulator.Build.0 = Release|Any CPU
		{FF709AB5-21F6-4B0C-B872-B6AABFF715E8}.Release|x64.ActiveCfg = Release|Any CPU
		{FF709AB5-21F6-4B0C-B872-B6AABFF715E8}.Release|x64.Build.0 = Release|Any CPU
		{FF709AB5-21F6-4B0C-B872-B6AABFF715E8}.Release|x86.ActiveCfg = Release|Any CPU
		{FF709AB5-21F6-4B0C-B872-B6AABFF715E8}.Release|x86.Build.0 = Release|Any CPU
		{FF709AB5-21F6-4B0C-B872-B6AABFF715E8}.Mac|Any CPU.ActiveCfg = Debug|Any CPU
		{FF709AB5-21F6-4B0C-B872-B6AABFF715E8}.Mac|Any CPU.Build.0 = Debug|Any CPU
		{02E2C976-8441-420D-9304-F784EE91F0BD}.Debug|Any CPU.ActiveCfg = Debug|Any CPU
		{02E2C976-8441-420D-9304-F784EE91F0BD}.Debug|Any CPU.Build.0 = Debug|Any CPU
		{02E2C976-8441-420D-9304-F784EE91F0BD}.Debug|ARM.ActiveCfg = Debug|Any CPU
		{02E2C976-8441-420D-9304-F784EE91F0BD}.Debug|ARM.Build.0 = Debug|Any CPU
		{02E2C976-8441-420D-9304-F784EE91F0BD}.Debug|ARM64.ActiveCfg = Debug|Any CPU
		{02E2C976-8441-420D-9304-F784EE91F0BD}.Debug|ARM64.Build.0 = Debug|Any CPU
		{02E2C976-8441-420D-9304-F784EE91F0BD}.Debug|iPhone.ActiveCfg = Debug|Any CPU
		{02E2C976-8441-420D-9304-F784EE91F0BD}.Debug|iPhone.Build.0 = Debug|Any CPU
		{02E2C976-8441-420D-9304-F784EE91F0BD}.Debug|iPhoneSimulator.ActiveCfg = Debug|Any CPU
		{02E2C976-8441-420D-9304-F784EE91F0BD}.Debug|iPhoneSimulator.Build.0 = Debug|Any CPU
		{02E2C976-8441-420D-9304-F784EE91F0BD}.Debug|x64.ActiveCfg = Debug|Any CPU
		{02E2C976-8441-420D-9304-F784EE91F0BD}.Debug|x64.Build.0 = Debug|Any CPU
		{02E2C976-8441-420D-9304-F784EE91F0BD}.Debug|x86.ActiveCfg = Debug|Any CPU
		{02E2C976-8441-420D-9304-F784EE91F0BD}.Debug|x86.Build.0 = Debug|Any CPU
		{02E2C976-8441-420D-9304-F784EE91F0BD}.Release|Any CPU.ActiveCfg = Release|Any CPU
		{02E2C976-8441-420D-9304-F784EE91F0BD}.Release|Any CPU.Build.0 = Release|Any CPU
		{02E2C976-8441-420D-9304-F784EE91F0BD}.Release|ARM.ActiveCfg = Release|Any CPU
		{02E2C976-8441-420D-9304-F784EE91F0BD}.Release|ARM.Build.0 = Release|Any CPU
		{02E2C976-8441-420D-9304-F784EE91F0BD}.Release|ARM64.ActiveCfg = Release|Any CPU
		{02E2C976-8441-420D-9304-F784EE91F0BD}.Release|ARM64.Build.0 = Release|Any CPU
		{02E2C976-8441-420D-9304-F784EE91F0BD}.Release|iPhone.ActiveCfg = Release|Any CPU
		{02E2C976-8441-420D-9304-F784EE91F0BD}.Release|iPhone.Build.0 = Release|Any CPU
		{02E2C976-8441-420D-9304-F784EE91F0BD}.Release|iPhoneSimulator.ActiveCfg = Release|Any CPU
		{02E2C976-8441-420D-9304-F784EE91F0BD}.Release|iPhoneSimulator.Build.0 = Release|Any CPU
		{02E2C976-8441-420D-9304-F784EE91F0BD}.Release|x64.ActiveCfg = Release|Any CPU
		{02E2C976-8441-420D-9304-F784EE91F0BD}.Release|x64.Build.0 = Release|Any CPU
		{02E2C976-8441-420D-9304-F784EE91F0BD}.Release|x86.ActiveCfg = Release|Any CPU
		{02E2C976-8441-420D-9304-F784EE91F0BD}.Release|x86.Build.0 = Release|Any CPU
		{02E2C976-8441-420D-9304-F784EE91F0BD}.Mac|Any CPU.ActiveCfg = Debug|Any CPU
		{02E2C976-8441-420D-9304-F784EE91F0BD}.Mac|Any CPU.Build.0 = Debug|Any CPU
		{8EC8E270-EBCA-417F-BC2B-C858EC40CA1D}.Debug|Any CPU.ActiveCfg = Debug|Any CPU
		{8EC8E270-EBCA-417F-BC2B-C858EC40CA1D}.Debug|Any CPU.Build.0 = Debug|Any CPU
		{8EC8E270-EBCA-417F-BC2B-C858EC40CA1D}.Debug|ARM.ActiveCfg = Debug|Any CPU
		{8EC8E270-EBCA-417F-BC2B-C858EC40CA1D}.Debug|ARM.Build.0 = Debug|Any CPU
		{8EC8E270-EBCA-417F-BC2B-C858EC40CA1D}.Debug|ARM64.ActiveCfg = Debug|Any CPU
		{8EC8E270-EBCA-417F-BC2B-C858EC40CA1D}.Debug|ARM64.Build.0 = Debug|Any CPU
		{8EC8E270-EBCA-417F-BC2B-C858EC40CA1D}.Debug|iPhone.ActiveCfg = Debug|Any CPU
		{8EC8E270-EBCA-417F-BC2B-C858EC40CA1D}.Debug|iPhone.Build.0 = Debug|Any CPU
		{8EC8E270-EBCA-417F-BC2B-C858EC40CA1D}.Debug|iPhoneSimulator.ActiveCfg = Debug|Any CPU
		{8EC8E270-EBCA-417F-BC2B-C858EC40CA1D}.Debug|iPhoneSimulator.Build.0 = Debug|Any CPU
		{8EC8E270-EBCA-417F-BC2B-C858EC40CA1D}.Debug|x64.ActiveCfg = Debug|Any CPU
		{8EC8E270-EBCA-417F-BC2B-C858EC40CA1D}.Debug|x64.Build.0 = Debug|Any CPU
		{8EC8E270-EBCA-417F-BC2B-C858EC40CA1D}.Debug|x86.ActiveCfg = Debug|Any CPU
		{8EC8E270-EBCA-417F-BC2B-C858EC40CA1D}.Debug|x86.Build.0 = Debug|Any CPU
		{8EC8E270-EBCA-417F-BC2B-C858EC40CA1D}.Release|Any CPU.ActiveCfg = Release|Any CPU
		{8EC8E270-EBCA-417F-BC2B-C858EC40CA1D}.Release|Any CPU.Build.0 = Release|Any CPU
		{8EC8E270-EBCA-417F-BC2B-C858EC40CA1D}.Release|ARM.ActiveCfg = Release|Any CPU
		{8EC8E270-EBCA-417F-BC2B-C858EC40CA1D}.Release|ARM.Build.0 = Release|Any CPU
		{8EC8E270-EBCA-417F-BC2B-C858EC40CA1D}.Release|ARM64.ActiveCfg = Release|Any CPU
		{8EC8E270-EBCA-417F-BC2B-C858EC40CA1D}.Release|ARM64.Build.0 = Release|Any CPU
		{8EC8E270-EBCA-417F-BC2B-C858EC40CA1D}.Release|iPhone.ActiveCfg = Release|Any CPU
		{8EC8E270-EBCA-417F-BC2B-C858EC40CA1D}.Release|iPhone.Build.0 = Release|Any CPU
		{8EC8E270-EBCA-417F-BC2B-C858EC40CA1D}.Release|iPhoneSimulator.ActiveCfg = Release|Any CPU
		{8EC8E270-EBCA-417F-BC2B-C858EC40CA1D}.Release|iPhoneSimulator.Build.0 = Release|Any CPU
		{8EC8E270-EBCA-417F-BC2B-C858EC40CA1D}.Release|x64.ActiveCfg = Release|Any CPU
		{8EC8E270-EBCA-417F-BC2B-C858EC40CA1D}.Release|x64.Build.0 = Release|Any CPU
		{8EC8E270-EBCA-417F-BC2B-C858EC40CA1D}.Release|x86.ActiveCfg = Release|Any CPU
		{8EC8E270-EBCA-417F-BC2B-C858EC40CA1D}.Release|x86.Build.0 = Release|Any CPU
		{8EC8E270-EBCA-417F-BC2B-C858EC40CA1D}.Mac|Any CPU.ActiveCfg = Debug|Any CPU
		{8EC8E270-EBCA-417F-BC2B-C858EC40CA1D}.Mac|Any CPU.Build.0 = Debug|Any CPU
		{24E59999-2CB5-4435-BC29-1CE24F0F10BC}.Debug|Any CPU.ActiveCfg = Debug|Any CPU
		{24E59999-2CB5-4435-BC29-1CE24F0F10BC}.Debug|Any CPU.Build.0 = Debug|Any CPU
		{24E59999-2CB5-4435-BC29-1CE24F0F10BC}.Debug|ARM.ActiveCfg = Debug|Any CPU
		{24E59999-2CB5-4435-BC29-1CE24F0F10BC}.Debug|ARM.Build.0 = Debug|Any CPU
		{24E59999-2CB5-4435-BC29-1CE24F0F10BC}.Debug|ARM64.ActiveCfg = Debug|Any CPU
		{24E59999-2CB5-4435-BC29-1CE24F0F10BC}.Debug|ARM64.Build.0 = Debug|Any CPU
		{24E59999-2CB5-4435-BC29-1CE24F0F10BC}.Debug|iPhone.ActiveCfg = Debug|Any CPU
		{24E59999-2CB5-4435-BC29-1CE24F0F10BC}.Debug|iPhone.Build.0 = Debug|Any CPU
		{24E59999-2CB5-4435-BC29-1CE24F0F10BC}.Debug|iPhoneSimulator.ActiveCfg = Debug|Any CPU
		{24E59999-2CB5-4435-BC29-1CE24F0F10BC}.Debug|iPhoneSimulator.Build.0 = Debug|Any CPU
		{24E59999-2CB5-4435-BC29-1CE24F0F10BC}.Debug|x64.ActiveCfg = Debug|Any CPU
		{24E59999-2CB5-4435-BC29-1CE24F0F10BC}.Debug|x64.Build.0 = Debug|Any CPU
		{24E59999-2CB5-4435-BC29-1CE24F0F10BC}.Debug|x86.ActiveCfg = Debug|Any CPU
		{24E59999-2CB5-4435-BC29-1CE24F0F10BC}.Debug|x86.Build.0 = Debug|Any CPU
		{24E59999-2CB5-4435-BC29-1CE24F0F10BC}.Release|Any CPU.ActiveCfg = Release|Any CPU
		{24E59999-2CB5-4435-BC29-1CE24F0F10BC}.Release|Any CPU.Build.0 = Release|Any CPU
		{24E59999-2CB5-4435-BC29-1CE24F0F10BC}.Release|ARM.ActiveCfg = Release|Any CPU
		{24E59999-2CB5-4435-BC29-1CE24F0F10BC}.Release|ARM.Build.0 = Release|Any CPU
		{24E59999-2CB5-4435-BC29-1CE24F0F10BC}.Release|ARM64.ActiveCfg = Release|Any CPU
		{24E59999-2CB5-4435-BC29-1CE24F0F10BC}.Release|ARM64.Build.0 = Release|Any CPU
		{24E59999-2CB5-4435-BC29-1CE24F0F10BC}.Release|iPhone.ActiveCfg = Release|Any CPU
		{24E59999-2CB5-4435-BC29-1CE24F0F10BC}.Release|iPhone.Build.0 = Release|Any CPU
		{24E59999-2CB5-4435-BC29-1CE24F0F10BC}.Release|iPhoneSimulator.ActiveCfg = Release|Any CPU
		{24E59999-2CB5-4435-BC29-1CE24F0F10BC}.Release|iPhoneSimulator.Build.0 = Release|Any CPU
		{24E59999-2CB5-4435-BC29-1CE24F0F10BC}.Release|x64.ActiveCfg = Release|Any CPU
		{24E59999-2CB5-4435-BC29-1CE24F0F10BC}.Release|x64.Build.0 = Release|Any CPU
		{24E59999-2CB5-4435-BC29-1CE24F0F10BC}.Release|x86.ActiveCfg = Release|Any CPU
		{24E59999-2CB5-4435-BC29-1CE24F0F10BC}.Release|x86.Build.0 = Release|Any CPU
		{24E59999-2CB5-4435-BC29-1CE24F0F10BC}.Mac|Any CPU.ActiveCfg = Debug|Any CPU
		{24E59999-2CB5-4435-BC29-1CE24F0F10BC}.Mac|Any CPU.Build.0 = Debug|Any CPU
		{F64592C6-03A9-4611-BAB3-558997B426AB}.Debug|Any CPU.ActiveCfg = Debug|Any CPU
		{F64592C6-03A9-4611-BAB3-558997B426AB}.Debug|Any CPU.Build.0 = Debug|Any CPU
		{F64592C6-03A9-4611-BAB3-558997B426AB}.Debug|ARM.ActiveCfg = Debug|Any CPU
		{F64592C6-03A9-4611-BAB3-558997B426AB}.Debug|ARM.Build.0 = Debug|Any CPU
		{F64592C6-03A9-4611-BAB3-558997B426AB}.Debug|ARM64.ActiveCfg = Debug|Any CPU
		{F64592C6-03A9-4611-BAB3-558997B426AB}.Debug|ARM64.Build.0 = Debug|Any CPU
		{F64592C6-03A9-4611-BAB3-558997B426AB}.Debug|iPhone.ActiveCfg = Debug|Any CPU
		{F64592C6-03A9-4611-BAB3-558997B426AB}.Debug|iPhoneSimulator.ActiveCfg = Debug|Any CPU
		{F64592C6-03A9-4611-BAB3-558997B426AB}.Debug|x64.ActiveCfg = Debug|Any CPU
		{F64592C6-03A9-4611-BAB3-558997B426AB}.Debug|x64.Build.0 = Debug|Any CPU
		{F64592C6-03A9-4611-BAB3-558997B426AB}.Debug|x86.ActiveCfg = Debug|Any CPU
		{F64592C6-03A9-4611-BAB3-558997B426AB}.Debug|x86.Build.0 = Debug|Any CPU
		{F64592C6-03A9-4611-BAB3-558997B426AB}.Release|Any CPU.ActiveCfg = Release|Any CPU
		{F64592C6-03A9-4611-BAB3-558997B426AB}.Release|Any CPU.Build.0 = Release|Any CPU
		{F64592C6-03A9-4611-BAB3-558997B426AB}.Release|ARM.ActiveCfg = Release|Any CPU
		{F64592C6-03A9-4611-BAB3-558997B426AB}.Release|ARM.Build.0 = Release|Any CPU
		{F64592C6-03A9-4611-BAB3-558997B426AB}.Release|ARM64.ActiveCfg = Release|Any CPU
		{F64592C6-03A9-4611-BAB3-558997B426AB}.Release|ARM64.Build.0 = Release|Any CPU
		{F64592C6-03A9-4611-BAB3-558997B426AB}.Release|iPhone.ActiveCfg = Release|Any CPU
		{F64592C6-03A9-4611-BAB3-558997B426AB}.Release|iPhoneSimulator.ActiveCfg = Release|Any CPU
		{F64592C6-03A9-4611-BAB3-558997B426AB}.Release|x64.ActiveCfg = Release|Any CPU
		{F64592C6-03A9-4611-BAB3-558997B426AB}.Release|x64.Build.0 = Release|Any CPU
		{F64592C6-03A9-4611-BAB3-558997B426AB}.Release|x86.ActiveCfg = Release|Any CPU
		{F64592C6-03A9-4611-BAB3-558997B426AB}.Release|x86.Build.0 = Release|Any CPU
		{F64592C6-03A9-4611-BAB3-558997B426AB}.Mac|Any CPU.ActiveCfg = Debug|Any CPU
		{F64592C6-03A9-4611-BAB3-558997B426AB}.Mac|Any CPU.Build.0 = Debug|Any CPU
		{7AEEF794-9078-449C-B415-A1C86337BEF6}.Debug|Any CPU.ActiveCfg = Debug|Any CPU
		{7AEEF794-9078-449C-B415-A1C86337BEF6}.Debug|Any CPU.Build.0 = Debug|Any CPU
		{7AEEF794-9078-449C-B415-A1C86337BEF6}.Debug|ARM.ActiveCfg = Debug|Any CPU
		{7AEEF794-9078-449C-B415-A1C86337BEF6}.Debug|ARM.Build.0 = Debug|Any CPU
		{7AEEF794-9078-449C-B415-A1C86337BEF6}.Debug|ARM64.ActiveCfg = Debug|Any CPU
		{7AEEF794-9078-449C-B415-A1C86337BEF6}.Debug|ARM64.Build.0 = Debug|Any CPU
		{7AEEF794-9078-449C-B415-A1C86337BEF6}.Debug|iPhone.ActiveCfg = Debug|Any CPU
		{7AEEF794-9078-449C-B415-A1C86337BEF6}.Debug|iPhoneSimulator.ActiveCfg = Debug|Any CPU
		{7AEEF794-9078-449C-B415-A1C86337BEF6}.Debug|x64.ActiveCfg = Debug|Any CPU
		{7AEEF794-9078-449C-B415-A1C86337BEF6}.Debug|x64.Build.0 = Debug|Any CPU
		{7AEEF794-9078-449C-B415-A1C86337BEF6}.Debug|x86.ActiveCfg = Debug|Any CPU
		{7AEEF794-9078-449C-B415-A1C86337BEF6}.Debug|x86.Build.0 = Debug|Any CPU
		{7AEEF794-9078-449C-B415-A1C86337BEF6}.Release|Any CPU.ActiveCfg = Release|Any CPU
		{7AEEF794-9078-449C-B415-A1C86337BEF6}.Release|Any CPU.Build.0 = Release|Any CPU
		{7AEEF794-9078-449C-B415-A1C86337BEF6}.Release|ARM.ActiveCfg = Release|Any CPU
		{7AEEF794-9078-449C-B415-A1C86337BEF6}.Release|ARM.Build.0 = Release|Any CPU
		{7AEEF794-9078-449C-B415-A1C86337BEF6}.Release|ARM64.ActiveCfg = Release|Any CPU
		{7AEEF794-9078-449C-B415-A1C86337BEF6}.Release|ARM64.Build.0 = Release|Any CPU
		{7AEEF794-9078-449C-B415-A1C86337BEF6}.Release|iPhone.ActiveCfg = Release|Any CPU
		{7AEEF794-9078-449C-B415-A1C86337BEF6}.Release|iPhoneSimulator.ActiveCfg = Release|Any CPU
		{7AEEF794-9078-449C-B415-A1C86337BEF6}.Release|x64.ActiveCfg = Release|Any CPU
		{7AEEF794-9078-449C-B415-A1C86337BEF6}.Release|x64.Build.0 = Release|Any CPU
		{7AEEF794-9078-449C-B415-A1C86337BEF6}.Release|x86.ActiveCfg = Release|Any CPU
		{7AEEF794-9078-449C-B415-A1C86337BEF6}.Release|x86.Build.0 = Release|Any CPU
		{7AEEF794-9078-449C-B415-A1C86337BEF6}.Mac|Any CPU.ActiveCfg = Debug|Any CPU
		{7AEEF794-9078-449C-B415-A1C86337BEF6}.Mac|Any CPU.Build.0 = Debug|Any CPU
		{41B09700-EF74-4D98-A8A6-3A51FCA23BD8}.Debug|Any CPU.ActiveCfg = Debug|Any CPU
		{41B09700-EF74-4D98-A8A6-3A51FCA23BD8}.Debug|Any CPU.Build.0 = Debug|Any CPU
		{41B09700-EF74-4D98-A8A6-3A51FCA23BD8}.Debug|ARM.ActiveCfg = Debug|Any CPU
		{41B09700-EF74-4D98-A8A6-3A51FCA23BD8}.Debug|ARM.Build.0 = Debug|Any CPU
		{41B09700-EF74-4D98-A8A6-3A51FCA23BD8}.Debug|ARM64.ActiveCfg = Debug|Any CPU
		{41B09700-EF74-4D98-A8A6-3A51FCA23BD8}.Debug|ARM64.Build.0 = Debug|Any CPU
		{41B09700-EF74-4D98-A8A6-3A51FCA23BD8}.Debug|iPhone.ActiveCfg = Debug|Any CPU
		{41B09700-EF74-4D98-A8A6-3A51FCA23BD8}.Debug|iPhone.Build.0 = Debug|Any CPU
		{41B09700-EF74-4D98-A8A6-3A51FCA23BD8}.Debug|iPhoneSimulator.ActiveCfg = Debug|Any CPU
		{41B09700-EF74-4D98-A8A6-3A51FCA23BD8}.Debug|iPhoneSimulator.Build.0 = Debug|Any CPU
		{41B09700-EF74-4D98-A8A6-3A51FCA23BD8}.Debug|x64.ActiveCfg = Debug|Any CPU
		{41B09700-EF74-4D98-A8A6-3A51FCA23BD8}.Debug|x64.Build.0 = Debug|Any CPU
		{41B09700-EF74-4D98-A8A6-3A51FCA23BD8}.Debug|x86.ActiveCfg = Debug|Any CPU
		{41B09700-EF74-4D98-A8A6-3A51FCA23BD8}.Debug|x86.Build.0 = Debug|Any CPU
		{41B09700-EF74-4D98-A8A6-3A51FCA23BD8}.Release|Any CPU.ActiveCfg = Release|Any CPU
		{41B09700-EF74-4D98-A8A6-3A51FCA23BD8}.Release|Any CPU.Build.0 = Release|Any CPU
		{41B09700-EF74-4D98-A8A6-3A51FCA23BD8}.Release|ARM.ActiveCfg = Release|Any CPU
		{41B09700-EF74-4D98-A8A6-3A51FCA23BD8}.Release|ARM.Build.0 = Release|Any CPU
		{41B09700-EF74-4D98-A8A6-3A51FCA23BD8}.Release|ARM64.ActiveCfg = Release|Any CPU
		{41B09700-EF74-4D98-A8A6-3A51FCA23BD8}.Release|ARM64.Build.0 = Release|Any CPU
		{41B09700-EF74-4D98-A8A6-3A51FCA23BD8}.Release|iPhone.ActiveCfg = Release|Any CPU
		{41B09700-EF74-4D98-A8A6-3A51FCA23BD8}.Release|iPhone.Build.0 = Release|Any CPU
		{41B09700-EF74-4D98-A8A6-3A51FCA23BD8}.Release|iPhoneSimulator.ActiveCfg = Release|Any CPU
		{41B09700-EF74-4D98-A8A6-3A51FCA23BD8}.Release|iPhoneSimulator.Build.0 = Release|Any CPU
		{41B09700-EF74-4D98-A8A6-3A51FCA23BD8}.Release|x64.ActiveCfg = Release|Any CPU
		{41B09700-EF74-4D98-A8A6-3A51FCA23BD8}.Release|x64.Build.0 = Release|Any CPU
		{41B09700-EF74-4D98-A8A6-3A51FCA23BD8}.Release|x86.ActiveCfg = Release|Any CPU
		{41B09700-EF74-4D98-A8A6-3A51FCA23BD8}.Release|x86.Build.0 = Release|Any CPU
		{41B09700-EF74-4D98-A8A6-3A51FCA23BD8}.Mac|Any CPU.ActiveCfg = Debug|Any CPU
		{41B09700-EF74-4D98-A8A6-3A51FCA23BD8}.Mac|Any CPU.Build.0 = Debug|Any CPU
		{7A8B7091-FDD4-4C44-8A1F-C1B46588D847}.Debug|Any CPU.ActiveCfg = Debug|Any CPU
		{7A8B7091-FDD4-4C44-8A1F-C1B46588D847}.Debug|Any CPU.Build.0 = Debug|Any CPU
		{7A8B7091-FDD4-4C44-8A1F-C1B46588D847}.Debug|ARM.ActiveCfg = Debug|Any CPU
		{7A8B7091-FDD4-4C44-8A1F-C1B46588D847}.Debug|ARM.Build.0 = Debug|Any CPU
		{7A8B7091-FDD4-4C44-8A1F-C1B46588D847}.Debug|ARM64.ActiveCfg = Debug|Any CPU
		{7A8B7091-FDD4-4C44-8A1F-C1B46588D847}.Debug|ARM64.Build.0 = Debug|Any CPU
		{7A8B7091-FDD4-4C44-8A1F-C1B46588D847}.Debug|iPhone.ActiveCfg = Debug|Any CPU
		{7A8B7091-FDD4-4C44-8A1F-C1B46588D847}.Debug|iPhone.Build.0 = Debug|Any CPU
		{7A8B7091-FDD4-4C44-8A1F-C1B46588D847}.Debug|iPhoneSimulator.ActiveCfg = Debug|Any CPU
		{7A8B7091-FDD4-4C44-8A1F-C1B46588D847}.Debug|iPhoneSimulator.Build.0 = Debug|Any CPU
		{7A8B7091-FDD4-4C44-8A1F-C1B46588D847}.Debug|x64.ActiveCfg = Debug|Any CPU
		{7A8B7091-FDD4-4C44-8A1F-C1B46588D847}.Debug|x64.Build.0 = Debug|Any CPU
		{7A8B7091-FDD4-4C44-8A1F-C1B46588D847}.Debug|x86.ActiveCfg = Debug|Any CPU
		{7A8B7091-FDD4-4C44-8A1F-C1B46588D847}.Debug|x86.Build.0 = Debug|Any CPU
		{7A8B7091-FDD4-4C44-8A1F-C1B46588D847}.Release|Any CPU.ActiveCfg = Release|Any CPU
		{7A8B7091-FDD4-4C44-8A1F-C1B46588D847}.Release|Any CPU.Build.0 = Release|Any CPU
		{7A8B7091-FDD4-4C44-8A1F-C1B46588D847}.Release|ARM.ActiveCfg = Release|Any CPU
		{7A8B7091-FDD4-4C44-8A1F-C1B46588D847}.Release|ARM.Build.0 = Release|Any CPU
		{7A8B7091-FDD4-4C44-8A1F-C1B46588D847}.Release|ARM64.ActiveCfg = Release|Any CPU
		{7A8B7091-FDD4-4C44-8A1F-C1B46588D847}.Release|ARM64.Build.0 = Release|Any CPU
		{7A8B7091-FDD4-4C44-8A1F-C1B46588D847}.Release|iPhone.ActiveCfg = Release|Any CPU
		{7A8B7091-FDD4-4C44-8A1F-C1B46588D847}.Release|iPhone.Build.0 = Release|Any CPU
		{7A8B7091-FDD4-4C44-8A1F-C1B46588D847}.Release|iPhoneSimulator.ActiveCfg = Release|Any CPU
		{7A8B7091-FDD4-4C44-8A1F-C1B46588D847}.Release|iPhoneSimulator.Build.0 = Release|Any CPU
		{7A8B7091-FDD4-4C44-8A1F-C1B46588D847}.Release|x64.ActiveCfg = Release|Any CPU
		{7A8B7091-FDD4-4C44-8A1F-C1B46588D847}.Release|x64.Build.0 = Release|Any CPU
		{7A8B7091-FDD4-4C44-8A1F-C1B46588D847}.Release|x86.ActiveCfg = Release|Any CPU
		{7A8B7091-FDD4-4C44-8A1F-C1B46588D847}.Release|x86.Build.0 = Release|Any CPU
		{7A8B7091-FDD4-4C44-8A1F-C1B46588D847}.Mac|Any CPU.ActiveCfg = Debug|Any CPU
		{7A8B7091-FDD4-4C44-8A1F-C1B46588D847}.Mac|Any CPU.Build.0 = Debug|Any CPU
		{ED52A022-A720-4570-8BCD-CD5F3897BC9E}.Debug|Any CPU.ActiveCfg = Debug|Any CPU
		{ED52A022-A720-4570-8BCD-CD5F3897BC9E}.Debug|Any CPU.Build.0 = Debug|Any CPU
		{ED52A022-A720-4570-8BCD-CD5F3897BC9E}.Debug|ARM.ActiveCfg = Debug|Any CPU
		{ED52A022-A720-4570-8BCD-CD5F3897BC9E}.Debug|ARM.Build.0 = Debug|Any CPU
		{ED52A022-A720-4570-8BCD-CD5F3897BC9E}.Debug|ARM64.ActiveCfg = Debug|Any CPU
		{ED52A022-A720-4570-8BCD-CD5F3897BC9E}.Debug|ARM64.Build.0 = Debug|Any CPU
		{ED52A022-A720-4570-8BCD-CD5F3897BC9E}.Debug|iPhone.ActiveCfg = Debug|Any CPU
		{ED52A022-A720-4570-8BCD-CD5F3897BC9E}.Debug|iPhoneSimulator.ActiveCfg = Debug|Any CPU
		{ED52A022-A720-4570-8BCD-CD5F3897BC9E}.Debug|x64.ActiveCfg = Debug|Any CPU
		{ED52A022-A720-4570-8BCD-CD5F3897BC9E}.Debug|x64.Build.0 = Debug|Any CPU
		{ED52A022-A720-4570-8BCD-CD5F3897BC9E}.Debug|x86.ActiveCfg = Debug|Any CPU
		{ED52A022-A720-4570-8BCD-CD5F3897BC9E}.Debug|x86.Build.0 = Debug|Any CPU
		{ED52A022-A720-4570-8BCD-CD5F3897BC9E}.Release|Any CPU.ActiveCfg = Release|Any CPU
		{ED52A022-A720-4570-8BCD-CD5F3897BC9E}.Release|Any CPU.Build.0 = Release|Any CPU
		{ED52A022-A720-4570-8BCD-CD5F3897BC9E}.Release|ARM.ActiveCfg = Release|Any CPU
		{ED52A022-A720-4570-8BCD-CD5F3897BC9E}.Release|ARM.Build.0 = Release|Any CPU
		{ED52A022-A720-4570-8BCD-CD5F3897BC9E}.Release|ARM64.ActiveCfg = Release|Any CPU
		{ED52A022-A720-4570-8BCD-CD5F3897BC9E}.Release|ARM64.Build.0 = Release|Any CPU
		{ED52A022-A720-4570-8BCD-CD5F3897BC9E}.Release|iPhone.ActiveCfg = Release|Any CPU
		{ED52A022-A720-4570-8BCD-CD5F3897BC9E}.Release|iPhoneSimulator.ActiveCfg = Release|Any CPU
		{ED52A022-A720-4570-8BCD-CD5F3897BC9E}.Release|x64.ActiveCfg = Release|Any CPU
		{ED52A022-A720-4570-8BCD-CD5F3897BC9E}.Release|x64.Build.0 = Release|Any CPU
		{ED52A022-A720-4570-8BCD-CD5F3897BC9E}.Release|x86.ActiveCfg = Release|Any CPU
		{ED52A022-A720-4570-8BCD-CD5F3897BC9E}.Release|x86.Build.0 = Release|Any CPU
		{ED52A022-A720-4570-8BCD-CD5F3897BC9E}.Mac|Any CPU.ActiveCfg = Debug|Any CPU
		{ED52A022-A720-4570-8BCD-CD5F3897BC9E}.Mac|Any CPU.Build.0 = Debug|Any CPU
		{9D20E911-0A02-43F4-B57B-CFD7680D6C00}.Debug|Any CPU.ActiveCfg = Debug|Any CPU
		{9D20E911-0A02-43F4-B57B-CFD7680D6C00}.Debug|Any CPU.Build.0 = Debug|Any CPU
		{9D20E911-0A02-43F4-B57B-CFD7680D6C00}.Debug|ARM.ActiveCfg = Debug|Any CPU
		{9D20E911-0A02-43F4-B57B-CFD7680D6C00}.Debug|ARM.Build.0 = Debug|Any CPU
		{9D20E911-0A02-43F4-B57B-CFD7680D6C00}.Debug|ARM64.ActiveCfg = Debug|Any CPU
		{9D20E911-0A02-43F4-B57B-CFD7680D6C00}.Debug|ARM64.Build.0 = Debug|Any CPU
		{9D20E911-0A02-43F4-B57B-CFD7680D6C00}.Debug|iPhone.ActiveCfg = Debug|Any CPU
		{9D20E911-0A02-43F4-B57B-CFD7680D6C00}.Debug|iPhone.Build.0 = Debug|Any CPU
		{9D20E911-0A02-43F4-B57B-CFD7680D6C00}.Debug|iPhoneSimulator.ActiveCfg = Debug|Any CPU
		{9D20E911-0A02-43F4-B57B-CFD7680D6C00}.Debug|iPhoneSimulator.Build.0 = Debug|Any CPU
		{9D20E911-0A02-43F4-B57B-CFD7680D6C00}.Debug|x64.ActiveCfg = Debug|Any CPU
		{9D20E911-0A02-43F4-B57B-CFD7680D6C00}.Debug|x64.Build.0 = Debug|Any CPU
		{9D20E911-0A02-43F4-B57B-CFD7680D6C00}.Debug|x86.ActiveCfg = Debug|Any CPU
		{9D20E911-0A02-43F4-B57B-CFD7680D6C00}.Debug|x86.Build.0 = Debug|Any CPU
		{9D20E911-0A02-43F4-B57B-CFD7680D6C00}.Release|Any CPU.ActiveCfg = Release|Any CPU
		{9D20E911-0A02-43F4-B57B-CFD7680D6C00}.Release|Any CPU.Build.0 = Release|Any CPU
		{9D20E911-0A02-43F4-B57B-CFD7680D6C00}.Release|ARM.ActiveCfg = Release|Any CPU
		{9D20E911-0A02-43F4-B57B-CFD7680D6C00}.Release|ARM.Build.0 = Release|Any CPU
		{9D20E911-0A02-43F4-B57B-CFD7680D6C00}.Release|ARM64.ActiveCfg = Release|Any CPU
		{9D20E911-0A02-43F4-B57B-CFD7680D6C00}.Release|ARM64.Build.0 = Release|Any CPU
		{9D20E911-0A02-43F4-B57B-CFD7680D6C00}.Release|iPhone.ActiveCfg = Release|Any CPU
		{9D20E911-0A02-43F4-B57B-CFD7680D6C00}.Release|iPhone.Build.0 = Release|Any CPU
		{9D20E911-0A02-43F4-B57B-CFD7680D6C00}.Release|iPhoneSimulator.ActiveCfg = Release|Any CPU
		{9D20E911-0A02-43F4-B57B-CFD7680D6C00}.Release|iPhoneSimulator.Build.0 = Release|Any CPU
		{9D20E911-0A02-43F4-B57B-CFD7680D6C00}.Release|x64.ActiveCfg = Release|Any CPU
		{9D20E911-0A02-43F4-B57B-CFD7680D6C00}.Release|x64.Build.0 = Release|Any CPU
		{9D20E911-0A02-43F4-B57B-CFD7680D6C00}.Release|x86.ActiveCfg = Release|Any CPU
		{9D20E911-0A02-43F4-B57B-CFD7680D6C00}.Release|x86.Build.0 = Release|Any CPU
		{9D20E911-0A02-43F4-B57B-CFD7680D6C00}.Mac|Any CPU.ActiveCfg = Debug|Any CPU
		{9D20E911-0A02-43F4-B57B-CFD7680D6C00}.Mac|Any CPU.Build.0 = Debug|Any CPU
		{8B960CCC-88F1-4D7C-AC5F-2887E1317C68}.Debug|Any CPU.ActiveCfg = Debug|Any CPU
		{8B960CCC-88F1-4D7C-AC5F-2887E1317C68}.Debug|Any CPU.Build.0 = Debug|Any CPU
		{8B960CCC-88F1-4D7C-AC5F-2887E1317C68}.Debug|ARM.ActiveCfg = Debug|Any CPU
		{8B960CCC-88F1-4D7C-AC5F-2887E1317C68}.Debug|ARM.Build.0 = Debug|Any CPU
		{8B960CCC-88F1-4D7C-AC5F-2887E1317C68}.Debug|ARM64.ActiveCfg = Debug|Any CPU
		{8B960CCC-88F1-4D7C-AC5F-2887E1317C68}.Debug|ARM64.Build.0 = Debug|Any CPU
		{8B960CCC-88F1-4D7C-AC5F-2887E1317C68}.Debug|iPhone.ActiveCfg = Debug|Any CPU
		{8B960CCC-88F1-4D7C-AC5F-2887E1317C68}.Debug|iPhoneSimulator.ActiveCfg = Debug|Any CPU
		{8B960CCC-88F1-4D7C-AC5F-2887E1317C68}.Debug|x64.ActiveCfg = Debug|Any CPU
		{8B960CCC-88F1-4D7C-AC5F-2887E1317C68}.Debug|x64.Build.0 = Debug|Any CPU
		{8B960CCC-88F1-4D7C-AC5F-2887E1317C68}.Debug|x86.ActiveCfg = Debug|Any CPU
		{8B960CCC-88F1-4D7C-AC5F-2887E1317C68}.Debug|x86.Build.0 = Debug|Any CPU
		{8B960CCC-88F1-4D7C-AC5F-2887E1317C68}.Release|Any CPU.ActiveCfg = Release|Any CPU
		{8B960CCC-88F1-4D7C-AC5F-2887E1317C68}.Release|Any CPU.Build.0 = Release|Any CPU
		{8B960CCC-88F1-4D7C-AC5F-2887E1317C68}.Release|ARM.ActiveCfg = Release|Any CPU
		{8B960CCC-88F1-4D7C-AC5F-2887E1317C68}.Release|ARM.Build.0 = Release|Any CPU
		{8B960CCC-88F1-4D7C-AC5F-2887E1317C68}.Release|ARM64.ActiveCfg = Release|Any CPU
		{8B960CCC-88F1-4D7C-AC5F-2887E1317C68}.Release|ARM64.Build.0 = Release|Any CPU
		{8B960CCC-88F1-4D7C-AC5F-2887E1317C68}.Release|iPhone.ActiveCfg = Release|Any CPU
		{8B960CCC-88F1-4D7C-AC5F-2887E1317C68}.Release|iPhoneSimulator.ActiveCfg = Release|Any CPU
		{8B960CCC-88F1-4D7C-AC5F-2887E1317C68}.Release|x64.ActiveCfg = Release|Any CPU
		{8B960CCC-88F1-4D7C-AC5F-2887E1317C68}.Release|x64.Build.0 = Release|Any CPU
		{8B960CCC-88F1-4D7C-AC5F-2887E1317C68}.Release|x86.ActiveCfg = Release|Any CPU
		{8B960CCC-88F1-4D7C-AC5F-2887E1317C68}.Release|x86.Build.0 = Release|Any CPU
		{8B960CCC-88F1-4D7C-AC5F-2887E1317C68}.Mac|Any CPU.ActiveCfg = Mac|Any CPU
		{252BA8A1-FA82-4E36-8840-9A0539D53CCE}.Debug|Any CPU.ActiveCfg = Debug|Any CPU
		{252BA8A1-FA82-4E36-8840-9A0539D53CCE}.Debug|Any CPU.Build.0 = Debug|Any CPU
		{252BA8A1-FA82-4E36-8840-9A0539D53CCE}.Debug|ARM.ActiveCfg = Debug|Any CPU
		{252BA8A1-FA82-4E36-8840-9A0539D53CCE}.Debug|ARM.Build.0 = Debug|Any CPU
		{252BA8A1-FA82-4E36-8840-9A0539D53CCE}.Debug|ARM64.ActiveCfg = Debug|Any CPU
		{252BA8A1-FA82-4E36-8840-9A0539D53CCE}.Debug|ARM64.Build.0 = Debug|Any CPU
		{252BA8A1-FA82-4E36-8840-9A0539D53CCE}.Debug|iPhone.ActiveCfg = Debug|Any CPU
		{252BA8A1-FA82-4E36-8840-9A0539D53CCE}.Debug|iPhoneSimulator.ActiveCfg = Debug|Any CPU
		{252BA8A1-FA82-4E36-8840-9A0539D53CCE}.Debug|x64.ActiveCfg = Debug|Any CPU
		{252BA8A1-FA82-4E36-8840-9A0539D53CCE}.Debug|x64.Build.0 = Debug|Any CPU
		{252BA8A1-FA82-4E36-8840-9A0539D53CCE}.Debug|x86.ActiveCfg = Debug|Any CPU
		{252BA8A1-FA82-4E36-8840-9A0539D53CCE}.Debug|x86.Build.0 = Debug|Any CPU
		{252BA8A1-FA82-4E36-8840-9A0539D53CCE}.Release|Any CPU.ActiveCfg = Release|Any CPU
		{252BA8A1-FA82-4E36-8840-9A0539D53CCE}.Release|Any CPU.Build.0 = Release|Any CPU
		{252BA8A1-FA82-4E36-8840-9A0539D53CCE}.Release|ARM.ActiveCfg = Release|Any CPU
		{252BA8A1-FA82-4E36-8840-9A0539D53CCE}.Release|ARM.Build.0 = Release|Any CPU
		{252BA8A1-FA82-4E36-8840-9A0539D53CCE}.Release|ARM64.ActiveCfg = Release|Any CPU
		{252BA8A1-FA82-4E36-8840-9A0539D53CCE}.Release|ARM64.Build.0 = Release|Any CPU
		{252BA8A1-FA82-4E36-8840-9A0539D53CCE}.Release|iPhone.ActiveCfg = Release|Any CPU
		{252BA8A1-FA82-4E36-8840-9A0539D53CCE}.Release|iPhoneSimulator.ActiveCfg = Release|Any CPU
		{252BA8A1-FA82-4E36-8840-9A0539D53CCE}.Release|x64.ActiveCfg = Release|Any CPU
		{252BA8A1-FA82-4E36-8840-9A0539D53CCE}.Release|x64.Build.0 = Release|Any CPU
		{252BA8A1-FA82-4E36-8840-9A0539D53CCE}.Release|x86.ActiveCfg = Release|Any CPU
		{252BA8A1-FA82-4E36-8840-9A0539D53CCE}.Release|x86.Build.0 = Release|Any CPU
		{252BA8A1-FA82-4E36-8840-9A0539D53CCE}.Mac|Any CPU.ActiveCfg = Mac|Any CPU
		{2719BB2D-6785-45DF-BA3C-5F203B0E3AB2}.Debug|Any CPU.ActiveCfg = Debug|Any CPU
		{2719BB2D-6785-45DF-BA3C-5F203B0E3AB2}.Debug|Any CPU.Build.0 = Debug|Any CPU
		{2719BB2D-6785-45DF-BA3C-5F203B0E3AB2}.Debug|ARM.ActiveCfg = Debug|Any CPU
		{2719BB2D-6785-45DF-BA3C-5F203B0E3AB2}.Debug|ARM.Build.0 = Debug|Any CPU
		{2719BB2D-6785-45DF-BA3C-5F203B0E3AB2}.Debug|ARM64.ActiveCfg = Debug|Any CPU
		{2719BB2D-6785-45DF-BA3C-5F203B0E3AB2}.Debug|ARM64.Build.0 = Debug|Any CPU
		{2719BB2D-6785-45DF-BA3C-5F203B0E3AB2}.Debug|iPhone.ActiveCfg = Debug|Any CPU
		{2719BB2D-6785-45DF-BA3C-5F203B0E3AB2}.Debug|iPhone.Build.0 = Debug|Any CPU
		{2719BB2D-6785-45DF-BA3C-5F203B0E3AB2}.Debug|iPhoneSimulator.ActiveCfg = Debug|Any CPU
		{2719BB2D-6785-45DF-BA3C-5F203B0E3AB2}.Debug|iPhoneSimulator.Build.0 = Debug|Any CPU
		{2719BB2D-6785-45DF-BA3C-5F203B0E3AB2}.Debug|x64.ActiveCfg = Debug|Any CPU
		{2719BB2D-6785-45DF-BA3C-5F203B0E3AB2}.Debug|x64.Build.0 = Debug|Any CPU
		{2719BB2D-6785-45DF-BA3C-5F203B0E3AB2}.Debug|x86.ActiveCfg = Debug|Any CPU
		{2719BB2D-6785-45DF-BA3C-5F203B0E3AB2}.Debug|x86.Build.0 = Debug|Any CPU
		{2719BB2D-6785-45DF-BA3C-5F203B0E3AB2}.Release|Any CPU.ActiveCfg = Release|Any CPU
		{2719BB2D-6785-45DF-BA3C-5F203B0E3AB2}.Release|Any CPU.Build.0 = Release|Any CPU
		{2719BB2D-6785-45DF-BA3C-5F203B0E3AB2}.Release|ARM.ActiveCfg = Release|Any CPU
		{2719BB2D-6785-45DF-BA3C-5F203B0E3AB2}.Release|ARM.Build.0 = Release|Any CPU
		{2719BB2D-6785-45DF-BA3C-5F203B0E3AB2}.Release|ARM64.ActiveCfg = Release|Any CPU
		{2719BB2D-6785-45DF-BA3C-5F203B0E3AB2}.Release|ARM64.Build.0 = Release|Any CPU
		{2719BB2D-6785-45DF-BA3C-5F203B0E3AB2}.Release|iPhone.ActiveCfg = Release|Any CPU
		{2719BB2D-6785-45DF-BA3C-5F203B0E3AB2}.Release|iPhone.Build.0 = Release|Any CPU
		{2719BB2D-6785-45DF-BA3C-5F203B0E3AB2}.Release|iPhoneSimulator.ActiveCfg = Release|Any CPU
		{2719BB2D-6785-45DF-BA3C-5F203B0E3AB2}.Release|iPhoneSimulator.Build.0 = Release|Any CPU
		{2719BB2D-6785-45DF-BA3C-5F203B0E3AB2}.Release|x64.ActiveCfg = Release|Any CPU
		{2719BB2D-6785-45DF-BA3C-5F203B0E3AB2}.Release|x64.Build.0 = Release|Any CPU
		{2719BB2D-6785-45DF-BA3C-5F203B0E3AB2}.Release|x86.ActiveCfg = Release|Any CPU
		{2719BB2D-6785-45DF-BA3C-5F203B0E3AB2}.Release|x86.Build.0 = Release|Any CPU
		{2719BB2D-6785-45DF-BA3C-5F203B0E3AB2}.Mac|Any CPU.ActiveCfg = Debug|Any CPU
		{2719BB2D-6785-45DF-BA3C-5F203B0E3AB2}.Mac|Any CPU.Build.0 = Debug|Any CPU
		{72B6AEB6-E0A7-4D42-A164-199F3D74EBC7}.Debug|Any CPU.ActiveCfg = Debug|Any CPU
		{72B6AEB6-E0A7-4D42-A164-199F3D74EBC7}.Debug|Any CPU.Build.0 = Debug|Any CPU
		{72B6AEB6-E0A7-4D42-A164-199F3D74EBC7}.Debug|ARM.ActiveCfg = Debug|Any CPU
		{72B6AEB6-E0A7-4D42-A164-199F3D74EBC7}.Debug|ARM.Build.0 = Debug|Any CPU
		{72B6AEB6-E0A7-4D42-A164-199F3D74EBC7}.Debug|ARM64.ActiveCfg = Debug|Any CPU
		{72B6AEB6-E0A7-4D42-A164-199F3D74EBC7}.Debug|ARM64.Build.0 = Debug|Any CPU
		{72B6AEB6-E0A7-4D42-A164-199F3D74EBC7}.Debug|iPhone.ActiveCfg = Debug|Any CPU
		{72B6AEB6-E0A7-4D42-A164-199F3D74EBC7}.Debug|iPhone.Build.0 = Debug|Any CPU
		{72B6AEB6-E0A7-4D42-A164-199F3D74EBC7}.Debug|iPhoneSimulator.ActiveCfg = Debug|Any CPU
		{72B6AEB6-E0A7-4D42-A164-199F3D74EBC7}.Debug|iPhoneSimulator.Build.0 = Debug|Any CPU
		{72B6AEB6-E0A7-4D42-A164-199F3D74EBC7}.Debug|x64.ActiveCfg = Debug|Any CPU
		{72B6AEB6-E0A7-4D42-A164-199F3D74EBC7}.Debug|x64.Build.0 = Debug|Any CPU
		{72B6AEB6-E0A7-4D42-A164-199F3D74EBC7}.Debug|x86.ActiveCfg = Debug|Any CPU
		{72B6AEB6-E0A7-4D42-A164-199F3D74EBC7}.Debug|x86.Build.0 = Debug|Any CPU
		{72B6AEB6-E0A7-4D42-A164-199F3D74EBC7}.Release|Any CPU.ActiveCfg = Release|Any CPU
		{72B6AEB6-E0A7-4D42-A164-199F3D74EBC7}.Release|Any CPU.Build.0 = Release|Any CPU
		{72B6AEB6-E0A7-4D42-A164-199F3D74EBC7}.Release|ARM.ActiveCfg = Release|Any CPU
		{72B6AEB6-E0A7-4D42-A164-199F3D74EBC7}.Release|ARM.Build.0 = Release|Any CPU
		{72B6AEB6-E0A7-4D42-A164-199F3D74EBC7}.Release|ARM64.ActiveCfg = Release|Any CPU
		{72B6AEB6-E0A7-4D42-A164-199F3D74EBC7}.Release|ARM64.Build.0 = Release|Any CPU
		{72B6AEB6-E0A7-4D42-A164-199F3D74EBC7}.Release|iPhone.ActiveCfg = Release|Any CPU
		{72B6AEB6-E0A7-4D42-A164-199F3D74EBC7}.Release|iPhone.Build.0 = Release|Any CPU
		{72B6AEB6-E0A7-4D42-A164-199F3D74EBC7}.Release|iPhoneSimulator.ActiveCfg = Release|Any CPU
		{72B6AEB6-E0A7-4D42-A164-199F3D74EBC7}.Release|iPhoneSimulator.Build.0 = Release|Any CPU
		{72B6AEB6-E0A7-4D42-A164-199F3D74EBC7}.Release|x64.ActiveCfg = Release|Any CPU
		{72B6AEB6-E0A7-4D42-A164-199F3D74EBC7}.Release|x64.Build.0 = Release|Any CPU
		{72B6AEB6-E0A7-4D42-A164-199F3D74EBC7}.Release|x86.ActiveCfg = Release|Any CPU
		{72B6AEB6-E0A7-4D42-A164-199F3D74EBC7}.Release|x86.Build.0 = Release|Any CPU
		{72B6AEB6-E0A7-4D42-A164-199F3D74EBC7}.Mac|Any CPU.ActiveCfg = Debug|Any CPU
		{72B6AEB6-E0A7-4D42-A164-199F3D74EBC7}.Mac|Any CPU.Build.0 = Debug|Any CPU
	EndGlobalSection
	GlobalSection(SolutionProperties) = preSolution
		HideSolutionNode = FALSE
	EndGlobalSection
	GlobalSection(ExtensibilityGlobals) = postSolution
		SolutionGuid = {19ADDE4B-CDF7-4EAF-9ECC-D057C08CF9C2}
	EndGlobalSection
	GlobalSection(NestedProjects) = preSolution
		{A15F0DAC-D0A6-47DC-892E-B31B875C83F8} = {B895A5FB-2074-49F4-863B-F39DFC0357EC}
		{7A8B7091-FDD4-4C44-8A1F-C1B46588D847} = {B895A5FB-2074-49F4-863B-F39DFC0357EC}
		{ED52A022-A720-4570-8BCD-CD5F3897BC9E} = {B895A5FB-2074-49F4-863B-F39DFC0357EC}
		{9D20E911-0A02-43F4-B57B-CFD7680D6C00} = {B895A5FB-2074-49F4-863B-F39DFC0357EC}
		{252BA8A1-FA82-4E36-8840-9A0539D53CCE} = {AB7BC37D-A8CD-4332-9FD7-5443EB6B559D}
		{72B6AEB6-E0A7-4D42-A164-199F3D74EBC7} = {AB7BC37D-A8CD-4332-9FD7-5443EB6B559D}
		{2719BB2D-6785-45DF-BA3C-5F203B0E3AB2} = {8D2303ED-10C4-4439-B3F2-2395CD06F88A}
		{7AEEF794-9078-449C-B415-A1C86337BEF6} = {8D2303ED-10C4-4439-B3F2-2395CD06F88A}
		{C90E0D5C-AF99-4098-9406-EE20DCA61DA5} = {0E00FD1E-1204-44CC-91D7-D9FC3109C696}
		{8B960CCC-88F1-4D7C-AC5F-2887E1317C68} = {C90E0D5C-AF99-4098-9406-EE20DCA61DA5}
	EndGlobalSection
EndGlobal
