
Microsoft Visual Studio Solution File, Format Version 12.00
# Visual Studio Version 16
VisualStudioVersion = 16.0.29806.167
MinimumVisualStudioVersion = 10.0.40219.1
Project("{2150E333-8FDC-42A3-9474-1A3956D46DE8}") = "Tests", "Tests", "{B895A5FB-2074-49F4-863B-F39DFC0357EC}"
EndProject
Project("{FAE04EC0-301F-11D3-BF4B-00C04F79EFBC}") = "XmlLibrary", "XmlLibrary\XmlLibrary.csproj", "{7AEEF794-9078-449C-B415-A1C86337BEF6}"
EndProject
Project("{FAE04EC0-301F-11D3-BF4B-00C04F79EFBC}") = "JukeControllerTests", "JukeControllerTests\JukeControllerTests.csproj", "{7A8B7091-FDD4-4C44-8A1F-C1B46588D847}"
EndProject
Project("{FAE04EC0-301F-11D3-BF4B-00C04F79EFBC}") = "CoreSongReader", "CoreSongReader\CoreSongReader.csproj", "{2719BB2D-6785-45DF-BA3C-5F203B0E3AB2}"
EndProject
Project("{FAE04EC0-301F-11D3-BF4B-00C04F79EFBC}") = "CoreAudioComponent", "CoreAudioComponent\CoreAudioComponent.csproj", "{72B6AEB6-E0A7-4D42-A164-199F3D74EBC7}"
EndProject
Project("{2150E333-8FDC-42A3-9474-1A3956D46DE8}") = "Audio", "Audio", "{AB7BC37D-A8CD-4332-9FD7-5443EB6B559D}"
EndProject
Project("{2150E333-8FDC-42A3-9474-1A3956D46DE8}") = "IO", "IO", "{8D2303ED-10C4-4439-B3F2-2395CD06F88A}"
EndProject
Project("{2150E333-8FDC-42A3-9474-1A3956D46DE8}") = "Frontend", "Frontend", "{0E00FD1E-1204-44CC-91D7-D9FC3109C696}"
EndProject
Project("{2150E333-8FDC-42A3-9474-1A3956D46DE8}") = "Windows", "Windows", "{C90E0D5C-AF99-4098-9406-EE20DCA61DA5}"
EndProject
Project("{FAE04EC0-301F-11D3-BF4B-00C04F79EFBC}") = "SongInfoLookup", "SongInfoLookup\SongInfoLookup.csproj", "{919ECB35-946C-4D3E-9B13-C0E6A6ED7253}"
EndProject
Project("{FAE04EC0-301F-11D3-BF4B-00C04F79EFBC}") = "DataModel", "DataModel\DataModel.csproj", "{7970B48B-59A8-4BDD-AB4A-0FB61DEB5CA1}"
EndProject
Project("{FAE04EC0-301F-11D3-BF4B-00C04F79EFBC}") = "ViewModelCommands", "ViewModelCommands\ViewModelCommands.csproj", "{41E2B6D9-D3A1-48C6-B851-8FBB513A4AAC}"
EndProject
Project("{FAE04EC0-301F-11D3-BF4B-00C04F79EFBC}") = "UiComponents", "UiComponents\UiComponents.csproj", "{950ADC25-CA3A-4785-88A8-2348CA78A485}"
EndProject
Project("{FAE04EC0-301F-11D3-BF4B-00C04F79EFBC}") = "JukeShared", "JukeShared\JukeShared.csproj", "{55A3EA2C-02BA-4653-8C49-27DADF31F4F4}"
EndProject
Project("{FAE04EC0-301F-11D3-BF4B-00C04F79EFBC}") = "Messaging", "Messaging\Messaging.csproj", "{16DE67A5-7AC4-402A-B336-033224D5510D}"
EndProject
Project("{9344BDBB-3E7F-41FC-A0DD-8665D75EE146}") = "WmpComponentTest", "WmpComponentTest\WmpComponentTest.csproj", "{DB379CA8-64B4-41B6-B4A1-453F9D3D9AD3}"
EndProject
Project("{9344BDBB-3E7F-41FC-A0DD-8665D75EE146}") = "ViewModelTests", "ViewModelTests\ViewModelTests.csproj", "{C9BAE7B2-D02B-4D2B-968C-9343092A2817}"
EndProject
Project("{9344BDBB-3E7F-41FC-A0DD-8665D75EE146}") = "Stubs2", "Stubs2\Stubs2.csproj", "{8BBAD068-799D-4466-9BA1-90F5C8AB4108}"
EndProject
Project("{FAE04EC0-301F-11D3-BF4B-00C04F79EFBC}") = "ViewModel", "ViewModel\ViewModel.csproj", "{B2EE8D57-8F2A-4713-BEE8-76F760484E64}"
EndProject
Project("{FAE04EC0-301F-11D3-BF4B-00C04F79EFBC}") = "JukeController", "JukeController\JukeController.csproj", "{24FED1D4-D262-44C7-B4A1-00653B8F359C}"
EndProject
Project("{9344BDBB-3E7F-41FC-A0DD-8665D75EE146}") = "WmpComponent", "WmpComponent\WmpComponent.csproj", "{43FD4755-51E4-4D78-9E3B-90E0934F2773}"
EndProject
Project("{9344BDBB-3E7F-41FC-A0DD-8665D75EE146}") = "WpfGui", "ManagerWindow\WpfGui.csproj", "{330B4E5A-E77F-4234-B1EC-ABAA3156219C}"
EndProject
Project("{2150E333-8FDC-42A3-9474-1A3956D46DE8}") = "Console", "Console", "{E4F8575A-D1AD-40CA-9935-BDF23BE96C12}"
EndProject
Project("{FAE04EC0-301F-11D3-BF4B-00C04F79EFBC}") = "JukeAdminCli", "JukeAdminCli\JukeAdminCli.csproj", "{A273122E-9D80-4386-BEFC-DC99E5A367E9}"
EndProject
Project("{2150E333-8FDC-42A3-9474-1A3956D46DE8}") = "Windows", "Windows", "{5E61AB56-DAB3-44E6-94ED-47C20F8B3858}"
EndProject
Project("{2150E333-8FDC-42A3-9474-1A3956D46DE8}") = "Multi", "Multi", "{C267AC31-4E31-4C9F-9A59-D36C0D504564}"
EndProject
Project("{2150E333-8FDC-42A3-9474-1A3956D46DE8}") = "Tests", "Tests", "{DF4A7A26-D04A-47CF-90FB-55DE98B05941}"
EndProject
Project("{2150E333-8FDC-42A3-9474-1A3956D46DE8}") = "gRPC", "gRPC", "{4D3B5288-697B-4C18-A64F-7D3766EF6E54}"
ProjectSection(SolutionItems) = preProject
	greet.proto = greet.proto
EndProjectSection
EndProject
Project("{FAE04EC0-301F-11D3-BF4B-00C04F79EFBC}") = "GrpcClient", "GrpcClient\GrpcClient.csproj", "{42121297-6DD0-41A8-ABD2-DBB0FF8AEB5A}"
EndProject
Project("{FAE04EC0-301F-11D3-BF4B-00C04F79EFBC}") = "GrpcJukeServer", "GrpcJukeServer\GrpcJukeServer.csproj", "{2407E932-DA0B-40CF-89A6-B15FF6707D0E}"
EndProject
Project("{FAE04EC0-301F-11D3-BF4B-00C04F79EFBC}") = "ProtoTypes", "ProtoTypes\ProtoTypes.csproj", "{51157A1A-1AEF-4C04-8E93-4A3E821B1099}"
EndProject
Project("{FAE04EC0-301F-11D3-BF4B-00C04F79EFBC}") = "ConsoleFrontend", "ConsoleFrontend\ConsoleFrontend.csproj", "{93E20ABD-F9C5-4953-86D9-6E309CB4C20C}"
EndProject
Project("{2150E333-8FDC-42A3-9474-1A3956D46DE8}") = "Tests", "Tests", "{4ABEDB79-D3F7-4541-8DCF-84F4B84A295A}"
EndProject
Project("{FAE04EC0-301F-11D3-BF4B-00C04F79EFBC}") = "GrpcTests", "GrpcTests\GrpcTests.csproj", "{477624A3-6059-4025-89BA-E9AA078239B9}"
EndProject
Project("{2150E333-8FDC-42A3-9474-1A3956D46DE8}") = "Tests", "Tests", "{970ECED2-C333-4C00-A41F-2A4A724B5AD4}"
EndProject
Project("{2150E333-8FDC-42A3-9474-1A3956D46DE8}") = "Web", "Web", "{6F32B1C6-C4C2-4521-A449-0407BC8FBFE2}"
EndProject
Project("{FAE04EC0-301F-11D3-BF4B-00C04F79EFBC}") = "ApiModel", "ApiModel\ApiModel.csproj", "{0838D212-05E9-4BB9-A728-F197938BFFCF}"
EndProject
Project("{FAE04EC0-301F-11D3-BF4B-00C04F79EFBC}") = "JukeApiLibrary", "JukeApiLibrary\JukeApiLibrary.csproj", "{8C817083-DEBF-4AC8-9C7F-1B2F9024B7FC}"
EndProject
Project("{FAE04EC0-301F-11D3-BF4B-00C04F79EFBC}") = "JukeCleanApi", "JukeCleanApi\JukeCleanApi.csproj", "{BA7E0EFD-F6C6-4CA2-9C2E-601017898715}"
EndProject
Project("{2150E333-8FDC-42A3-9474-1A3956D46DE8}") = "Web", "Web", "{8DF6E74E-6119-4E0C-A275-8CD584EBD96E}"
EndProject
Project("{2150E333-8FDC-42A3-9474-1A3956D46DE8}") = "API", "API", "{909DF3EE-ADE3-4A4F-801C-90D20F478CBC}"
EndProject
Project("{FAE04EC0-301F-11D3-BF4B-00C04F79EFBC}") = "UserMemoryRepository", "UserMemoryRepository\UserMemoryRepository.csproj", "{55824BCE-37A4-4DD7-BC5B-D0FA555E693C}"
EndProject
Global
	GlobalSection(SolutionConfigurationPlatforms) = preSolution
		Debug|Any CPU = Debug|Any CPU
		Debug|ARM = Debug|ARM
		Debug|ARM64 = Debug|ARM64
		Debug|iPhone = Debug|iPhone
		Debug|iPhoneSimulator = Debug|iPhoneSimulator
		Debug|x64 = Debug|x64
		Debug|x86 = Debug|x86
		Release|Any CPU = Release|Any CPU
		Release|ARM = Release|ARM
		Release|ARM64 = Release|ARM64
		Release|iPhone = Release|iPhone
		Release|iPhoneSimulator = Release|iPhoneSimulator
		Release|x64 = Release|x64
		Release|x86 = Release|x86
		Mac|Any CPU = Mac|Any CPU
	EndGlobalSection
	GlobalSection(ProjectConfigurationPlatforms) = postSolution
		{7AEEF794-9078-449C-B415-A1C86337BEF6}.Debug|Any CPU.ActiveCfg = Debug|Any CPU
		{7AEEF794-9078-449C-B415-A1C86337BEF6}.Debug|Any CPU.Build.0 = Debug|Any CPU
		{7AEEF794-9078-449C-B415-A1C86337BEF6}.Debug|ARM.ActiveCfg = Debug|Any CPU
		{7AEEF794-9078-449C-B415-A1C86337BEF6}.Debug|ARM.Build.0 = Debug|Any CPU
		{7AEEF794-9078-449C-B415-A1C86337BEF6}.Debug|ARM64.ActiveCfg = Debug|Any CPU
		{7AEEF794-9078-449C-B415-A1C86337BEF6}.Debug|ARM64.Build.0 = Debug|Any CPU
		{7AEEF794-9078-449C-B415-A1C86337BEF6}.Debug|iPhone.ActiveCfg = Debug|Any CPU
		{7AEEF794-9078-449C-B415-A1C86337BEF6}.Debug|iPhoneSimulator.ActiveCfg = Debug|Any CPU
		{7AEEF794-9078-449C-B415-A1C86337BEF6}.Debug|x64.ActiveCfg = Debug|Any CPU
		{7AEEF794-9078-449C-B415-A1C86337BEF6}.Debug|x64.Build.0 = Debug|Any CPU
		{7AEEF794-9078-449C-B415-A1C86337BEF6}.Debug|x86.ActiveCfg = Debug|Any CPU
		{7AEEF794-9078-449C-B415-A1C86337BEF6}.Debug|x86.Build.0 = Debug|Any CPU
		{7AEEF794-9078-449C-B415-A1C86337BEF6}.Release|Any CPU.ActiveCfg = Release|Any CPU
		{7AEEF794-9078-449C-B415-A1C86337BEF6}.Release|Any CPU.Build.0 = Release|Any CPU
		{7AEEF794-9078-449C-B415-A1C86337BEF6}.Release|ARM.ActiveCfg = Release|Any CPU
		{7AEEF794-9078-449C-B415-A1C86337BEF6}.Release|ARM.Build.0 = Release|Any CPU
		{7AEEF794-9078-449C-B415-A1C86337BEF6}.Release|ARM64.ActiveCfg = Release|Any CPU
		{7AEEF794-9078-449C-B415-A1C86337BEF6}.Release|ARM64.Build.0 = Release|Any CPU
		{7AEEF794-9078-449C-B415-A1C86337BEF6}.Release|iPhone.ActiveCfg = Release|Any CPU
		{7AEEF794-9078-449C-B415-A1C86337BEF6}.Release|iPhoneSimulator.ActiveCfg = Release|Any CPU
		{7AEEF794-9078-449C-B415-A1C86337BEF6}.Release|x64.ActiveCfg = Release|Any CPU
		{7AEEF794-9078-449C-B415-A1C86337BEF6}.Release|x64.Build.0 = Release|Any CPU
		{7AEEF794-9078-449C-B415-A1C86337BEF6}.Release|x86.ActiveCfg = Release|Any CPU
		{7AEEF794-9078-449C-B415-A1C86337BEF6}.Release|x86.Build.0 = Release|Any CPU
		{7AEEF794-9078-449C-B415-A1C86337BEF6}.Mac|Any CPU.ActiveCfg = Debug|Any CPU
		{7AEEF794-9078-449C-B415-A1C86337BEF6}.Mac|Any CPU.Build.0 = Debug|Any CPU
		{7A8B7091-FDD4-4C44-8A1F-C1B46588D847}.Debug|Any CPU.ActiveCfg = Debug|Any CPU
		{7A8B7091-FDD4-4C44-8A1F-C1B46588D847}.Debug|Any CPU.Build.0 = Debug|Any CPU
		{7A8B7091-FDD4-4C44-8A1F-C1B46588D847}.Debug|ARM.ActiveCfg = Debug|Any CPU
		{7A8B7091-FDD4-4C44-8A1F-C1B46588D847}.Debug|ARM.Build.0 = Debug|Any CPU
		{7A8B7091-FDD4-4C44-8A1F-C1B46588D847}.Debug|ARM64.ActiveCfg = Debug|Any CPU
		{7A8B7091-FDD4-4C44-8A1F-C1B46588D847}.Debug|ARM64.Build.0 = Debug|Any CPU
		{7A8B7091-FDD4-4C44-8A1F-C1B46588D847}.Debug|iPhone.ActiveCfg = Debug|Any CPU
		{7A8B7091-FDD4-4C44-8A1F-C1B46588D847}.Debug|iPhone.Build.0 = Debug|Any CPU
		{7A8B7091-FDD4-4C44-8A1F-C1B46588D847}.Debug|iPhoneSimulator.ActiveCfg = Debug|Any CPU
		{7A8B7091-FDD4-4C44-8A1F-C1B46588D847}.Debug|iPhoneSimulator.Build.0 = Debug|Any CPU
		{7A8B7091-FDD4-4C44-8A1F-C1B46588D847}.Debug|x64.ActiveCfg = Debug|Any CPU
		{7A8B7091-FDD4-4C44-8A1F-C1B46588D847}.Debug|x64.Build.0 = Debug|Any CPU
		{7A8B7091-FDD4-4C44-8A1F-C1B46588D847}.Debug|x86.ActiveCfg = Debug|Any CPU
		{7A8B7091-FDD4-4C44-8A1F-C1B46588D847}.Debug|x86.Build.0 = Debug|Any CPU
		{7A8B7091-FDD4-4C44-8A1F-C1B46588D847}.Release|Any CPU.ActiveCfg = Release|Any CPU
		{7A8B7091-FDD4-4C44-8A1F-C1B46588D847}.Release|Any CPU.Build.0 = Release|Any CPU
		{7A8B7091-FDD4-4C44-8A1F-C1B46588D847}.Release|ARM.ActiveCfg = Release|Any CPU
		{7A8B7091-FDD4-4C44-8A1F-C1B46588D847}.Release|ARM.Build.0 = Release|Any CPU
		{7A8B7091-FDD4-4C44-8A1F-C1B46588D847}.Release|ARM64.ActiveCfg = Release|Any CPU
		{7A8B7091-FDD4-4C44-8A1F-C1B46588D847}.Release|ARM64.Build.0 = Release|Any CPU
		{7A8B7091-FDD4-4C44-8A1F-C1B46588D847}.Release|iPhone.ActiveCfg = Release|Any CPU
		{7A8B7091-FDD4-4C44-8A1F-C1B46588D847}.Release|iPhone.Build.0 = Release|Any CPU
		{7A8B7091-FDD4-4C44-8A1F-C1B46588D847}.Release|iPhoneSimulator.ActiveCfg = Release|Any CPU
		{7A8B7091-FDD4-4C44-8A1F-C1B46588D847}.Release|iPhoneSimulator.Build.0 = Release|Any CPU
		{7A8B7091-FDD4-4C44-8A1F-C1B46588D847}.Release|x64.ActiveCfg = Release|Any CPU
		{7A8B7091-FDD4-4C44-8A1F-C1B46588D847}.Release|x64.Build.0 = Release|Any CPU
		{7A8B7091-FDD4-4C44-8A1F-C1B46588D847}.Release|x86.ActiveCfg = Release|Any CPU
		{7A8B7091-FDD4-4C44-8A1F-C1B46588D847}.Release|x86.Build.0 = Release|Any CPU
		{7A8B7091-FDD4-4C44-8A1F-C1B46588D847}.Mac|Any CPU.ActiveCfg = Debug|Any CPU
		{7A8B7091-FDD4-4C44-8A1F-C1B46588D847}.Mac|Any CPU.Build.0 = Debug|Any CPU
		{2719BB2D-6785-45DF-BA3C-5F203B0E3AB2}.Debug|Any CPU.ActiveCfg = Debug|Any CPU
		{2719BB2D-6785-45DF-BA3C-5F203B0E3AB2}.Debug|Any CPU.Build.0 = Debug|Any CPU
		{2719BB2D-6785-45DF-BA3C-5F203B0E3AB2}.Debug|ARM.ActiveCfg = Debug|Any CPU
		{2719BB2D-6785-45DF-BA3C-5F203B0E3AB2}.Debug|ARM.Build.0 = Debug|Any CPU
		{2719BB2D-6785-45DF-BA3C-5F203B0E3AB2}.Debug|ARM64.ActiveCfg = Debug|Any CPU
		{2719BB2D-6785-45DF-BA3C-5F203B0E3AB2}.Debug|ARM64.Build.0 = Debug|Any CPU
		{2719BB2D-6785-45DF-BA3C-5F203B0E3AB2}.Debug|iPhone.ActiveCfg = Debug|Any CPU
		{2719BB2D-6785-45DF-BA3C-5F203B0E3AB2}.Debug|iPhone.Build.0 = Debug|Any CPU
		{2719BB2D-6785-45DF-BA3C-5F203B0E3AB2}.Debug|iPhoneSimulator.ActiveCfg = Debug|Any CPU
		{2719BB2D-6785-45DF-BA3C-5F203B0E3AB2}.Debug|iPhoneSimulator.Build.0 = Debug|Any CPU
		{2719BB2D-6785-45DF-BA3C-5F203B0E3AB2}.Debug|x64.ActiveCfg = Debug|Any CPU
		{2719BB2D-6785-45DF-BA3C-5F203B0E3AB2}.Debug|x64.Build.0 = Debug|Any CPU
		{2719BB2D-6785-45DF-BA3C-5F203B0E3AB2}.Debug|x86.ActiveCfg = Debug|Any CPU
		{2719BB2D-6785-45DF-BA3C-5F203B0E3AB2}.Debug|x86.Build.0 = Debug|Any CPU
		{2719BB2D-6785-45DF-BA3C-5F203B0E3AB2}.Release|Any CPU.ActiveCfg = Release|Any CPU
		{2719BB2D-6785-45DF-BA3C-5F203B0E3AB2}.Release|Any CPU.Build.0 = Release|Any CPU
		{2719BB2D-6785-45DF-BA3C-5F203B0E3AB2}.Release|ARM.ActiveCfg = Release|Any CPU
		{2719BB2D-6785-45DF-BA3C-5F203B0E3AB2}.Release|ARM.Build.0 = Release|Any CPU
		{2719BB2D-6785-45DF-BA3C-5F203B0E3AB2}.Release|ARM64.ActiveCfg = Release|Any CPU
		{2719BB2D-6785-45DF-BA3C-5F203B0E3AB2}.Release|ARM64.Build.0 = Release|Any CPU
		{2719BB2D-6785-45DF-BA3C-5F203B0E3AB2}.Release|iPhone.ActiveCfg = Release|Any CPU
		{2719BB2D-6785-45DF-BA3C-5F203B0E3AB2}.Release|iPhone.Build.0 = Release|Any CPU
		{2719BB2D-6785-45DF-BA3C-5F203B0E3AB2}.Release|iPhoneSimulator.ActiveCfg = Release|Any CPU
		{2719BB2D-6785-45DF-BA3C-5F203B0E3AB2}.Release|iPhoneSimulator.Build.0 = Release|Any CPU
		{2719BB2D-6785-45DF-BA3C-5F203B0E3AB2}.Release|x64.ActiveCfg = Release|Any CPU
		{2719BB2D-6785-45DF-BA3C-5F203B0E3AB2}.Release|x64.Build.0 = Release|Any CPU
		{2719BB2D-6785-45DF-BA3C-5F203B0E3AB2}.Release|x86.ActiveCfg = Release|Any CPU
		{2719BB2D-6785-45DF-BA3C-5F203B0E3AB2}.Release|x86.Build.0 = Release|Any CPU
		{2719BB2D-6785-45DF-BA3C-5F203B0E3AB2}.Mac|Any CPU.ActiveCfg = Debug|Any CPU
		{2719BB2D-6785-45DF-BA3C-5F203B0E3AB2}.Mac|Any CPU.Build.0 = Debug|Any CPU
		{72B6AEB6-E0A7-4D42-A164-199F3D74EBC7}.Debug|Any CPU.ActiveCfg = Debug|Any CPU
		{72B6AEB6-E0A7-4D42-A164-199F3D74EBC7}.Debug|Any CPU.Build.0 = Debug|Any CPU
		{72B6AEB6-E0A7-4D42-A164-199F3D74EBC7}.Debug|ARM.ActiveCfg = Debug|Any CPU
		{72B6AEB6-E0A7-4D42-A164-199F3D74EBC7}.Debug|ARM.Build.0 = Debug|Any CPU
		{72B6AEB6-E0A7-4D42-A164-199F3D74EBC7}.Debug|ARM64.ActiveCfg = Debug|Any CPU
		{72B6AEB6-E0A7-4D42-A164-199F3D74EBC7}.Debug|ARM64.Build.0 = Debug|Any CPU
		{72B6AEB6-E0A7-4D42-A164-199F3D74EBC7}.Debug|iPhone.ActiveCfg = Debug|Any CPU
		{72B6AEB6-E0A7-4D42-A164-199F3D74EBC7}.Debug|iPhone.Build.0 = Debug|Any CPU
		{72B6AEB6-E0A7-4D42-A164-199F3D74EBC7}.Debug|iPhoneSimulator.ActiveCfg = Debug|Any CPU
		{72B6AEB6-E0A7-4D42-A164-199F3D74EBC7}.Debug|iPhoneSimulator.Build.0 = Debug|Any CPU
		{72B6AEB6-E0A7-4D42-A164-199F3D74EBC7}.Debug|x64.ActiveCfg = Debug|Any CPU
		{72B6AEB6-E0A7-4D42-A164-199F3D74EBC7}.Debug|x64.Build.0 = Debug|Any CPU
		{72B6AEB6-E0A7-4D42-A164-199F3D74EBC7}.Debug|x86.ActiveCfg = Debug|Any CPU
		{72B6AEB6-E0A7-4D42-A164-199F3D74EBC7}.Debug|x86.Build.0 = Debug|Any CPU
		{72B6AEB6-E0A7-4D42-A164-199F3D74EBC7}.Release|Any CPU.ActiveCfg = Release|Any CPU
		{72B6AEB6-E0A7-4D42-A164-199F3D74EBC7}.Release|Any CPU.Build.0 = Release|Any CPU
		{72B6AEB6-E0A7-4D42-A164-199F3D74EBC7}.Release|ARM.ActiveCfg = Release|Any CPU
		{72B6AEB6-E0A7-4D42-A164-199F3D74EBC7}.Release|ARM.Build.0 = Release|Any CPU
		{72B6AEB6-E0A7-4D42-A164-199F3D74EBC7}.Release|ARM64.ActiveCfg = Release|Any CPU
		{72B6AEB6-E0A7-4D42-A164-199F3D74EBC7}.Release|ARM64.Build.0 = Release|Any CPU
		{72B6AEB6-E0A7-4D42-A164-199F3D74EBC7}.Release|iPhone.ActiveCfg = Release|Any CPU
		{72B6AEB6-E0A7-4D42-A164-199F3D74EBC7}.Release|iPhone.Build.0 = Release|Any CPU
		{72B6AEB6-E0A7-4D42-A164-199F3D74EBC7}.Release|iPhoneSimulator.ActiveCfg = Release|Any CPU
		{72B6AEB6-E0A7-4D42-A164-199F3D74EBC7}.Release|iPhoneSimulator.Build.0 = Release|Any CPU
		{72B6AEB6-E0A7-4D42-A164-199F3D74EBC7}.Release|x64.ActiveCfg = Release|Any CPU
		{72B6AEB6-E0A7-4D42-A164-199F3D74EBC7}.Release|x64.Build.0 = Release|Any CPU
		{72B6AEB6-E0A7-4D42-A164-199F3D74EBC7}.Release|x86.ActiveCfg = Release|Any CPU
		{72B6AEB6-E0A7-4D42-A164-199F3D74EBC7}.Release|x86.Build.0 = Release|Any CPU
		{72B6AEB6-E0A7-4D42-A164-199F3D74EBC7}.Mac|Any CPU.ActiveCfg = Debug|Any CPU
		{72B6AEB6-E0A7-4D42-A164-199F3D74EBC7}.Mac|Any CPU.Build.0 = Debug|Any CPU
		{919ECB35-946C-4D3E-9B13-C0E6A6ED7253}.Debug|Any CPU.ActiveCfg = Debug|Any CPU
		{919ECB35-946C-4D3E-9B13-C0E6A6ED7253}.Debug|Any CPU.Build.0 = Debug|Any CPU
		{919ECB35-946C-4D3E-9B13-C0E6A6ED7253}.Debug|ARM.ActiveCfg = Debug|Any CPU
		{919ECB35-946C-4D3E-9B13-C0E6A6ED7253}.Debug|ARM.Build.0 = Debug|Any CPU
		{919ECB35-946C-4D3E-9B13-C0E6A6ED7253}.Debug|ARM64.ActiveCfg = Debug|Any CPU
		{919ECB35-946C-4D3E-9B13-C0E6A6ED7253}.Debug|ARM64.Build.0 = Debug|Any CPU
		{919ECB35-946C-4D3E-9B13-C0E6A6ED7253}.Debug|iPhone.ActiveCfg = Debug|Any CPU
		{919ECB35-946C-4D3E-9B13-C0E6A6ED7253}.Debug|iPhoneSimulator.ActiveCfg = Debug|Any CPU
		{919ECB35-946C-4D3E-9B13-C0E6A6ED7253}.Debug|x64.ActiveCfg = Debug|Any CPU
		{919ECB35-946C-4D3E-9B13-C0E6A6ED7253}.Debug|x64.Build.0 = Debug|Any CPU
		{919ECB35-946C-4D3E-9B13-C0E6A6ED7253}.Debug|x86.ActiveCfg = Debug|Any CPU
		{919ECB35-946C-4D3E-9B13-C0E6A6ED7253}.Debug|x86.Build.0 = Debug|Any CPU
		{919ECB35-946C-4D3E-9B13-C0E6A6ED7253}.Release|Any CPU.ActiveCfg = Release|Any CPU
		{919ECB35-946C-4D3E-9B13-C0E6A6ED7253}.Release|Any CPU.Build.0 = Release|Any CPU
		{919ECB35-946C-4D3E-9B13-C0E6A6ED7253}.Release|ARM.ActiveCfg = Release|Any CPU
		{919ECB35-946C-4D3E-9B13-C0E6A6ED7253}.Release|ARM.Build.0 = Release|Any CPU
		{919ECB35-946C-4D3E-9B13-C0E6A6ED7253}.Release|ARM64.ActiveCfg = Release|Any CPU
		{919ECB35-946C-4D3E-9B13-C0E6A6ED7253}.Release|ARM64.Build.0 = Release|Any CPU
		{919ECB35-946C-4D3E-9B13-C0E6A6ED7253}.Release|iPhone.ActiveCfg = Release|Any CPU
		{919ECB35-946C-4D3E-9B13-C0E6A6ED7253}.Release|iPhoneSimulator.ActiveCfg = Release|Any CPU
		{919ECB35-946C-4D3E-9B13-C0E6A6ED7253}.Release|x64.ActiveCfg = Release|Any CPU
		{919ECB35-946C-4D3E-9B13-C0E6A6ED7253}.Release|x64.Build.0 = Release|Any CPU
		{919ECB35-946C-4D3E-9B13-C0E6A6ED7253}.Release|x86.ActiveCfg = Release|Any CPU
		{919ECB35-946C-4D3E-9B13-C0E6A6ED7253}.Release|x86.Build.0 = Release|Any CPU
		{919ECB35-946C-4D3E-9B13-C0E6A6ED7253}.Mac|Any CPU.ActiveCfg = Debug|Any CPU
		{919ECB35-946C-4D3E-9B13-C0E6A6ED7253}.Mac|Any CPU.Build.0 = Debug|Any CPU
		{7970B48B-59A8-4BDD-AB4A-0FB61DEB5CA1}.Debug|Any CPU.ActiveCfg = Debug|Any CPU
		{7970B48B-59A8-4BDD-AB4A-0FB61DEB5CA1}.Debug|Any CPU.Build.0 = Debug|Any CPU
		{7970B48B-59A8-4BDD-AB4A-0FB61DEB5CA1}.Debug|ARM.ActiveCfg = Debug|Any CPU
		{7970B48B-59A8-4BDD-AB4A-0FB61DEB5CA1}.Debug|ARM.Build.0 = Debug|Any CPU
		{7970B48B-59A8-4BDD-AB4A-0FB61DEB5CA1}.Debug|ARM64.ActiveCfg = Debug|Any CPU
		{7970B48B-59A8-4BDD-AB4A-0FB61DEB5CA1}.Debug|ARM64.Build.0 = Debug|Any CPU
		{7970B48B-59A8-4BDD-AB4A-0FB61DEB5CA1}.Debug|iPhone.ActiveCfg = Debug|Any CPU
		{7970B48B-59A8-4BDD-AB4A-0FB61DEB5CA1}.Debug|iPhone.Build.0 = Debug|Any CPU
		{7970B48B-59A8-4BDD-AB4A-0FB61DEB5CA1}.Debug|iPhoneSimulator.ActiveCfg = Debug|Any CPU
		{7970B48B-59A8-4BDD-AB4A-0FB61DEB5CA1}.Debug|iPhoneSimulator.Build.0 = Debug|Any CPU
		{7970B48B-59A8-4BDD-AB4A-0FB61DEB5CA1}.Debug|x64.ActiveCfg = Debug|Any CPU
		{7970B48B-59A8-4BDD-AB4A-0FB61DEB5CA1}.Debug|x64.Build.0 = Debug|Any CPU
		{7970B48B-59A8-4BDD-AB4A-0FB61DEB5CA1}.Debug|x86.ActiveCfg = Debug|Any CPU
		{7970B48B-59A8-4BDD-AB4A-0FB61DEB5CA1}.Debug|x86.Build.0 = Debug|Any CPU
		{7970B48B-59A8-4BDD-AB4A-0FB61DEB5CA1}.Release|Any CPU.ActiveCfg = Release|Any CPU
		{7970B48B-59A8-4BDD-AB4A-0FB61DEB5CA1}.Release|Any CPU.Build.0 = Release|Any CPU
		{7970B48B-59A8-4BDD-AB4A-0FB61DEB5CA1}.Release|ARM.ActiveCfg = Release|Any CPU
		{7970B48B-59A8-4BDD-AB4A-0FB61DEB5CA1}.Release|ARM.Build.0 = Release|Any CPU
		{7970B48B-59A8-4BDD-AB4A-0FB61DEB5CA1}.Release|ARM64.ActiveCfg = Release|Any CPU
		{7970B48B-59A8-4BDD-AB4A-0FB61DEB5CA1}.Release|ARM64.Build.0 = Release|Any CPU
		{7970B48B-59A8-4BDD-AB4A-0FB61DEB5CA1}.Release|iPhone.ActiveCfg = Release|Any CPU
		{7970B48B-59A8-4BDD-AB4A-0FB61DEB5CA1}.Release|iPhone.Build.0 = Release|Any CPU
		{7970B48B-59A8-4BDD-AB4A-0FB61DEB5CA1}.Release|iPhoneSimulator.ActiveCfg = Release|Any CPU
		{7970B48B-59A8-4BDD-AB4A-0FB61DEB5CA1}.Release|iPhoneSimulator.Build.0 = Release|Any CPU
		{7970B48B-59A8-4BDD-AB4A-0FB61DEB5CA1}.Release|x64.ActiveCfg = Release|Any CPU
		{7970B48B-59A8-4BDD-AB4A-0FB61DEB5CA1}.Release|x64.Build.0 = Release|Any CPU
		{7970B48B-59A8-4BDD-AB4A-0FB61DEB5CA1}.Release|x86.ActiveCfg = Release|Any CPU
		{7970B48B-59A8-4BDD-AB4A-0FB61DEB5CA1}.Release|x86.Build.0 = Release|Any CPU
		{7970B48B-59A8-4BDD-AB4A-0FB61DEB5CA1}.Mac|Any CPU.ActiveCfg = Debug|Any CPU
		{7970B48B-59A8-4BDD-AB4A-0FB61DEB5CA1}.Mac|Any CPU.Build.0 = Debug|Any CPU
		{41E2B6D9-D3A1-48C6-B851-8FBB513A4AAC}.Debug|Any CPU.ActiveCfg = Debug|Any CPU
		{41E2B6D9-D3A1-48C6-B851-8FBB513A4AAC}.Debug|Any CPU.Build.0 = Debug|Any CPU
		{41E2B6D9-D3A1-48C6-B851-8FBB513A4AAC}.Debug|ARM.ActiveCfg = Debug|Any CPU
		{41E2B6D9-D3A1-48C6-B851-8FBB513A4AAC}.Debug|ARM.Build.0 = Debug|Any CPU
		{41E2B6D9-D3A1-48C6-B851-8FBB513A4AAC}.Debug|ARM64.ActiveCfg = Debug|Any CPU
		{41E2B6D9-D3A1-48C6-B851-8FBB513A4AAC}.Debug|ARM64.Build.0 = Debug|Any CPU
		{41E2B6D9-D3A1-48C6-B851-8FBB513A4AAC}.Debug|iPhone.ActiveCfg = Debug|Any CPU
		{41E2B6D9-D3A1-48C6-B851-8FBB513A4AAC}.Debug|iPhone.Build.0 = Debug|Any CPU
		{41E2B6D9-D3A1-48C6-B851-8FBB513A4AAC}.Debug|iPhoneSimulator.ActiveCfg = Debug|Any CPU
		{41E2B6D9-D3A1-48C6-B851-8FBB513A4AAC}.Debug|iPhoneSimulator.Build.0 = Debug|Any CPU
		{41E2B6D9-D3A1-48C6-B851-8FBB513A4AAC}.Debug|x64.ActiveCfg = Debug|Any CPU
		{41E2B6D9-D3A1-48C6-B851-8FBB513A4AAC}.Debug|x64.Build.0 = Debug|Any CPU
		{41E2B6D9-D3A1-48C6-B851-8FBB513A4AAC}.Debug|x86.ActiveCfg = Debug|Any CPU
		{41E2B6D9-D3A1-48C6-B851-8FBB513A4AAC}.Debug|x86.Build.0 = Debug|Any CPU
		{41E2B6D9-D3A1-48C6-B851-8FBB513A4AAC}.Release|Any CPU.ActiveCfg = Release|Any CPU
		{41E2B6D9-D3A1-48C6-B851-8FBB513A4AAC}.Release|Any CPU.Build.0 = Release|Any CPU
		{41E2B6D9-D3A1-48C6-B851-8FBB513A4AAC}.Release|ARM.ActiveCfg = Release|Any CPU
		{41E2B6D9-D3A1-48C6-B851-8FBB513A4AAC}.Release|ARM.Build.0 = Release|Any CPU
		{41E2B6D9-D3A1-48C6-B851-8FBB513A4AAC}.Release|ARM64.ActiveCfg = Release|Any CPU
		{41E2B6D9-D3A1-48C6-B851-8FBB513A4AAC}.Release|ARM64.Build.0 = Release|Any CPU
		{41E2B6D9-D3A1-48C6-B851-8FBB513A4AAC}.Release|iPhone.ActiveCfg = Release|Any CPU
		{41E2B6D9-D3A1-48C6-B851-8FBB513A4AAC}.Release|iPhone.Build.0 = Release|Any CPU
		{41E2B6D9-D3A1-48C6-B851-8FBB513A4AAC}.Release|iPhoneSimulator.ActiveCfg = Release|Any CPU
		{41E2B6D9-D3A1-48C6-B851-8FBB513A4AAC}.Release|iPhoneSimulator.Build.0 = Release|Any CPU
		{41E2B6D9-D3A1-48C6-B851-8FBB513A4AAC}.Release|x64.ActiveCfg = Release|Any CPU
		{41E2B6D9-D3A1-48C6-B851-8FBB513A4AAC}.Release|x64.Build.0 = Release|Any CPU
		{41E2B6D9-D3A1-48C6-B851-8FBB513A4AAC}.Release|x86.ActiveCfg = Release|Any CPU
		{41E2B6D9-D3A1-48C6-B851-8FBB513A4AAC}.Release|x86.Build.0 = Release|Any CPU
		{41E2B6D9-D3A1-48C6-B851-8FBB513A4AAC}.Mac|Any CPU.ActiveCfg = Debug|Any CPU
		{41E2B6D9-D3A1-48C6-B851-8FBB513A4AAC}.Mac|Any CPU.Build.0 = Debug|Any CPU
		{950ADC25-CA3A-4785-88A8-2348CA78A485}.Debug|Any CPU.ActiveCfg = Debug|Any CPU
		{950ADC25-CA3A-4785-88A8-2348CA78A485}.Debug|Any CPU.Build.0 = Debug|Any CPU
		{950ADC25-CA3A-4785-88A8-2348CA78A485}.Debug|ARM.ActiveCfg = Debug|Any CPU
		{950ADC25-CA3A-4785-88A8-2348CA78A485}.Debug|ARM.Build.0 = Debug|Any CPU
		{950ADC25-CA3A-4785-88A8-2348CA78A485}.Debug|ARM64.ActiveCfg = Debug|Any CPU
		{950ADC25-CA3A-4785-88A8-2348CA78A485}.Debug|ARM64.Build.0 = Debug|Any CPU
		{950ADC25-CA3A-4785-88A8-2348CA78A485}.Debug|iPhone.ActiveCfg = Debug|Any CPU
		{950ADC25-CA3A-4785-88A8-2348CA78A485}.Debug|iPhone.Build.0 = Debug|Any CPU
		{950ADC25-CA3A-4785-88A8-2348CA78A485}.Debug|iPhoneSimulator.ActiveCfg = Debug|Any CPU
		{950ADC25-CA3A-4785-88A8-2348CA78A485}.Debug|iPhoneSimulator.Build.0 = Debug|Any CPU
		{950ADC25-CA3A-4785-88A8-2348CA78A485}.Debug|x64.ActiveCfg = Debug|Any CPU
		{950ADC25-CA3A-4785-88A8-2348CA78A485}.Debug|x64.Build.0 = Debug|Any CPU
		{950ADC25-CA3A-4785-88A8-2348CA78A485}.Debug|x86.ActiveCfg = Debug|Any CPU
		{950ADC25-CA3A-4785-88A8-2348CA78A485}.Debug|x86.Build.0 = Debug|Any CPU
		{950ADC25-CA3A-4785-88A8-2348CA78A485}.Release|Any CPU.ActiveCfg = Release|Any CPU
		{950ADC25-CA3A-4785-88A8-2348CA78A485}.Release|Any CPU.Build.0 = Release|Any CPU
		{950ADC25-CA3A-4785-88A8-2348CA78A485}.Release|ARM.ActiveCfg = Release|Any CPU
		{950ADC25-CA3A-4785-88A8-2348CA78A485}.Release|ARM.Build.0 = Release|Any CPU
		{950ADC25-CA3A-4785-88A8-2348CA78A485}.Release|ARM64.ActiveCfg = Release|Any CPU
		{950ADC25-CA3A-4785-88A8-2348CA78A485}.Release|ARM64.Build.0 = Release|Any CPU
		{950ADC25-CA3A-4785-88A8-2348CA78A485}.Release|iPhone.ActiveCfg = Release|Any CPU
		{950ADC25-CA3A-4785-88A8-2348CA78A485}.Release|iPhone.Build.0 = Release|Any CPU
		{950ADC25-CA3A-4785-88A8-2348CA78A485}.Release|iPhoneSimulator.ActiveCfg = Release|Any CPU
		{950ADC25-CA3A-4785-88A8-2348CA78A485}.Release|iPhoneSimulator.Build.0 = Release|Any CPU
		{950ADC25-CA3A-4785-88A8-2348CA78A485}.Release|x64.ActiveCfg = Release|Any CPU
		{950ADC25-CA3A-4785-88A8-2348CA78A485}.Release|x64.Build.0 = Release|Any CPU
		{950ADC25-CA3A-4785-88A8-2348CA78A485}.Release|x86.ActiveCfg = Release|Any CPU
		{950ADC25-CA3A-4785-88A8-2348CA78A485}.Release|x86.Build.0 = Release|Any CPU
		{950ADC25-CA3A-4785-88A8-2348CA78A485}.Mac|Any CPU.ActiveCfg = Debug|Any CPU
		{950ADC25-CA3A-4785-88A8-2348CA78A485}.Mac|Any CPU.Build.0 = Debug|Any CPU
		{55A3EA2C-02BA-4653-8C49-27DADF31F4F4}.Debug|Any CPU.ActiveCfg = Debug|Any CPU
		{55A3EA2C-02BA-4653-8C49-27DADF31F4F4}.Debug|Any CPU.Build.0 = Debug|Any CPU
		{55A3EA2C-02BA-4653-8C49-27DADF31F4F4}.Debug|ARM.ActiveCfg = Debug|Any CPU
		{55A3EA2C-02BA-4653-8C49-27DADF31F4F4}.Debug|ARM.Build.0 = Debug|Any CPU
		{55A3EA2C-02BA-4653-8C49-27DADF31F4F4}.Debug|ARM64.ActiveCfg = Debug|Any CPU
		{55A3EA2C-02BA-4653-8C49-27DADF31F4F4}.Debug|ARM64.Build.0 = Debug|Any CPU
		{55A3EA2C-02BA-4653-8C49-27DADF31F4F4}.Debug|iPhone.ActiveCfg = Debug|Any CPU
		{55A3EA2C-02BA-4653-8C49-27DADF31F4F4}.Debug|iPhone.Build.0 = Debug|Any CPU
		{55A3EA2C-02BA-4653-8C49-27DADF31F4F4}.Debug|iPhoneSimulator.ActiveCfg = Debug|Any CPU
		{55A3EA2C-02BA-4653-8C49-27DADF31F4F4}.Debug|iPhoneSimulator.Build.0 = Debug|Any CPU
		{55A3EA2C-02BA-4653-8C49-27DADF31F4F4}.Debug|x64.ActiveCfg = Debug|Any CPU
		{55A3EA2C-02BA-4653-8C49-27DADF31F4F4}.Debug|x64.Build.0 = Debug|Any CPU
		{55A3EA2C-02BA-4653-8C49-27DADF31F4F4}.Debug|x86.ActiveCfg = Debug|Any CPU
		{55A3EA2C-02BA-4653-8C49-27DADF31F4F4}.Debug|x86.Build.0 = Debug|Any CPU
		{55A3EA2C-02BA-4653-8C49-27DADF31F4F4}.Release|Any CPU.ActiveCfg = Release|Any CPU
		{55A3EA2C-02BA-4653-8C49-27DADF31F4F4}.Release|Any CPU.Build.0 = Release|Any CPU
		{55A3EA2C-02BA-4653-8C49-27DADF31F4F4}.Release|ARM.ActiveCfg = Release|Any CPU
		{55A3EA2C-02BA-4653-8C49-27DADF31F4F4}.Release|ARM.Build.0 = Release|Any CPU
		{55A3EA2C-02BA-4653-8C49-27DADF31F4F4}.Release|ARM64.ActiveCfg = Release|Any CPU
		{55A3EA2C-02BA-4653-8C49-27DADF31F4F4}.Release|ARM64.Build.0 = Release|Any CPU
		{55A3EA2C-02BA-4653-8C49-27DADF31F4F4}.Release|iPhone.ActiveCfg = Release|Any CPU
		{55A3EA2C-02BA-4653-8C49-27DADF31F4F4}.Release|iPhone.Build.0 = Release|Any CPU
		{55A3EA2C-02BA-4653-8C49-27DADF31F4F4}.Release|iPhoneSimulator.ActiveCfg = Release|Any CPU
		{55A3EA2C-02BA-4653-8C49-27DADF31F4F4}.Release|iPhoneSimulator.Build.0 = Release|Any CPU
		{55A3EA2C-02BA-4653-8C49-27DADF31F4F4}.Release|x64.ActiveCfg = Release|Any CPU
		{55A3EA2C-02BA-4653-8C49-27DADF31F4F4}.Release|x64.Build.0 = Release|Any CPU
		{55A3EA2C-02BA-4653-8C49-27DADF31F4F4}.Release|x86.ActiveCfg = Release|Any CPU
		{55A3EA2C-02BA-4653-8C49-27DADF31F4F4}.Release|x86.Build.0 = Release|Any CPU
		{55A3EA2C-02BA-4653-8C49-27DADF31F4F4}.Mac|Any CPU.ActiveCfg = Debug|Any CPU
		{55A3EA2C-02BA-4653-8C49-27DADF31F4F4}.Mac|Any CPU.Build.0 = Debug|Any CPU
		{16DE67A5-7AC4-402A-B336-033224D5510D}.Debug|Any CPU.ActiveCfg = Debug|Any CPU
		{16DE67A5-7AC4-402A-B336-033224D5510D}.Debug|Any CPU.Build.0 = Debug|Any CPU
		{16DE67A5-7AC4-402A-B336-033224D5510D}.Debug|ARM.ActiveCfg = Debug|Any CPU
		{16DE67A5-7AC4-402A-B336-033224D5510D}.Debug|ARM.Build.0 = Debug|Any CPU
		{16DE67A5-7AC4-402A-B336-033224D5510D}.Debug|ARM64.ActiveCfg = Debug|Any CPU
		{16DE67A5-7AC4-402A-B336-033224D5510D}.Debug|ARM64.Build.0 = Debug|Any CPU
		{16DE67A5-7AC4-402A-B336-033224D5510D}.Debug|iPhone.ActiveCfg = Debug|Any CPU
		{16DE67A5-7AC4-402A-B336-033224D5510D}.Debug|iPhone.Build.0 = Debug|Any CPU
		{16DE67A5-7AC4-402A-B336-033224D5510D}.Debug|iPhoneSimulator.ActiveCfg = Debug|Any CPU
		{16DE67A5-7AC4-402A-B336-033224D5510D}.Debug|iPhoneSimulator.Build.0 = Debug|Any CPU
		{16DE67A5-7AC4-402A-B336-033224D5510D}.Debug|x64.ActiveCfg = Debug|Any CPU
		{16DE67A5-7AC4-402A-B336-033224D5510D}.Debug|x64.Build.0 = Debug|Any CPU
		{16DE67A5-7AC4-402A-B336-033224D5510D}.Debug|x86.ActiveCfg = Debug|Any CPU
		{16DE67A5-7AC4-402A-B336-033224D5510D}.Debug|x86.Build.0 = Debug|Any CPU
		{16DE67A5-7AC4-402A-B336-033224D5510D}.Release|Any CPU.ActiveCfg = Release|Any CPU
		{16DE67A5-7AC4-402A-B336-033224D5510D}.Release|Any CPU.Build.0 = Release|Any CPU
		{16DE67A5-7AC4-402A-B336-033224D5510D}.Release|ARM.ActiveCfg = Release|Any CPU
		{16DE67A5-7AC4-402A-B336-033224D5510D}.Release|ARM.Build.0 = Release|Any CPU
		{16DE67A5-7AC4-402A-B336-033224D5510D}.Release|ARM64.ActiveCfg = Release|Any CPU
		{16DE67A5-7AC4-402A-B336-033224D5510D}.Release|ARM64.Build.0 = Release|Any CPU
		{16DE67A5-7AC4-402A-B336-033224D5510D}.Release|iPhone.ActiveCfg = Release|Any CPU
		{16DE67A5-7AC4-402A-B336-033224D5510D}.Release|iPhone.Build.0 = Release|Any CPU
		{16DE67A5-7AC4-402A-B336-033224D5510D}.Release|iPhoneSimulator.ActiveCfg = Release|Any CPU
		{16DE67A5-7AC4-402A-B336-033224D5510D}.Release|iPhoneSimulator.Build.0 = Release|Any CPU
		{16DE67A5-7AC4-402A-B336-033224D5510D}.Release|x64.ActiveCfg = Release|Any CPU
		{16DE67A5-7AC4-402A-B336-033224D5510D}.Release|x64.Build.0 = Release|Any CPU
		{16DE67A5-7AC4-402A-B336-033224D5510D}.Release|x86.ActiveCfg = Release|Any CPU
		{16DE67A5-7AC4-402A-B336-033224D5510D}.Release|x86.Build.0 = Release|Any CPU
		{16DE67A5-7AC4-402A-B336-033224D5510D}.Mac|Any CPU.ActiveCfg = Debug|Any CPU
		{16DE67A5-7AC4-402A-B336-033224D5510D}.Mac|Any CPU.Build.0 = Debug|Any CPU
		{DB379CA8-64B4-41B6-B4A1-453F9D3D9AD3}.Debug|Any CPU.ActiveCfg = Debug|Any CPU
		{DB379CA8-64B4-41B6-B4A1-453F9D3D9AD3}.Debug|Any CPU.Build.0 = Debug|Any CPU
		{DB379CA8-64B4-41B6-B4A1-453F9D3D9AD3}.Debug|ARM.ActiveCfg = Debug|Any CPU
		{DB379CA8-64B4-41B6-B4A1-453F9D3D9AD3}.Debug|ARM.Build.0 = Debug|Any CPU
		{DB379CA8-64B4-41B6-B4A1-453F9D3D9AD3}.Debug|ARM64.ActiveCfg = Debug|Any CPU
		{DB379CA8-64B4-41B6-B4A1-453F9D3D9AD3}.Debug|ARM64.Build.0 = Debug|Any CPU
		{DB379CA8-64B4-41B6-B4A1-453F9D3D9AD3}.Debug|iPhone.ActiveCfg = Debug|Any CPU
		{DB379CA8-64B4-41B6-B4A1-453F9D3D9AD3}.Debug|iPhone.Build.0 = Debug|Any CPU
		{DB379CA8-64B4-41B6-B4A1-453F9D3D9AD3}.Debug|iPhoneSimulator.ActiveCfg = Debug|Any CPU
		{DB379CA8-64B4-41B6-B4A1-453F9D3D9AD3}.Debug|iPhoneSimulator.Build.0 = Debug|Any CPU
		{DB379CA8-64B4-41B6-B4A1-453F9D3D9AD3}.Debug|x64.ActiveCfg = Debug|Any CPU
		{DB379CA8-64B4-41B6-B4A1-453F9D3D9AD3}.Debug|x64.Build.0 = Debug|Any CPU
		{DB379CA8-64B4-41B6-B4A1-453F9D3D9AD3}.Debug|x86.ActiveCfg = Debug|Any CPU
		{DB379CA8-64B4-41B6-B4A1-453F9D3D9AD3}.Debug|x86.Build.0 = Debug|Any CPU
		{DB379CA8-64B4-41B6-B4A1-453F9D3D9AD3}.Release|Any CPU.ActiveCfg = Release|Any CPU
		{DB379CA8-64B4-41B6-B4A1-453F9D3D9AD3}.Release|Any CPU.Build.0 = Release|Any CPU
		{DB379CA8-64B4-41B6-B4A1-453F9D3D9AD3}.Release|ARM.ActiveCfg = Release|Any CPU
		{DB379CA8-64B4-41B6-B4A1-453F9D3D9AD3}.Release|ARM.Build.0 = Release|Any CPU
		{DB379CA8-64B4-41B6-B4A1-453F9D3D9AD3}.Release|ARM64.ActiveCfg = Release|Any CPU
		{DB379CA8-64B4-41B6-B4A1-453F9D3D9AD3}.Release|ARM64.Build.0 = Release|Any CPU
		{DB379CA8-64B4-41B6-B4A1-453F9D3D9AD3}.Release|iPhone.ActiveCfg = Release|Any CPU
		{DB379CA8-64B4-41B6-B4A1-453F9D3D9AD3}.Release|iPhone.Build.0 = Release|Any CPU
		{DB379CA8-64B4-41B6-B4A1-453F9D3D9AD3}.Release|iPhoneSimulator.ActiveCfg = Release|Any CPU
		{DB379CA8-64B4-41B6-B4A1-453F9D3D9AD3}.Release|iPhoneSimulator.Build.0 = Release|Any CPU
		{DB379CA8-64B4-41B6-B4A1-453F9D3D9AD3}.Release|x64.ActiveCfg = Release|Any CPU
		{DB379CA8-64B4-41B6-B4A1-453F9D3D9AD3}.Release|x64.Build.0 = Release|Any CPU
		{DB379CA8-64B4-41B6-B4A1-453F9D3D9AD3}.Release|x86.ActiveCfg = Release|Any CPU
		{DB379CA8-64B4-41B6-B4A1-453F9D3D9AD3}.Release|x86.Build.0 = Release|Any CPU
		{DB379CA8-64B4-41B6-B4A1-453F9D3D9AD3}.Mac|Any CPU.ActiveCfg = Mac|Any CPU
		{C9BAE7B2-D02B-4D2B-968C-9343092A2817}.Debug|Any CPU.ActiveCfg = Debug|Any CPU
		{C9BAE7B2-D02B-4D2B-968C-9343092A2817}.Debug|Any CPU.Build.0 = Debug|Any CPU
		{C9BAE7B2-D02B-4D2B-968C-9343092A2817}.Debug|ARM.ActiveCfg = Debug|Any CPU
		{C9BAE7B2-D02B-4D2B-968C-9343092A2817}.Debug|ARM.Build.0 = Debug|Any CPU
		{C9BAE7B2-D02B-4D2B-968C-9343092A2817}.Debug|ARM64.ActiveCfg = Debug|Any CPU
		{C9BAE7B2-D02B-4D2B-968C-9343092A2817}.Debug|ARM64.Build.0 = Debug|Any CPU
		{C9BAE7B2-D02B-4D2B-968C-9343092A2817}.Debug|iPhone.ActiveCfg = Debug|Any CPU
		{C9BAE7B2-D02B-4D2B-968C-9343092A2817}.Debug|iPhoneSimulator.ActiveCfg = Debug|Any CPU
		{C9BAE7B2-D02B-4D2B-968C-9343092A2817}.Debug|x64.ActiveCfg = Debug|Any CPU
		{C9BAE7B2-D02B-4D2B-968C-9343092A2817}.Debug|x64.Build.0 = Debug|Any CPU
		{C9BAE7B2-D02B-4D2B-968C-9343092A2817}.Debug|x86.ActiveCfg = Debug|Any CPU
		{C9BAE7B2-D02B-4D2B-968C-9343092A2817}.Debug|x86.Build.0 = Debug|Any CPU
		{C9BAE7B2-D02B-4D2B-968C-9343092A2817}.Release|Any CPU.ActiveCfg = Release|Any CPU
		{C9BAE7B2-D02B-4D2B-968C-9343092A2817}.Release|Any CPU.Build.0 = Release|Any CPU
		{C9BAE7B2-D02B-4D2B-968C-9343092A2817}.Release|ARM.ActiveCfg = Release|Any CPU
		{C9BAE7B2-D02B-4D2B-968C-9343092A2817}.Release|ARM.Build.0 = Release|Any CPU
		{C9BAE7B2-D02B-4D2B-968C-9343092A2817}.Release|ARM64.ActiveCfg = Release|Any CPU
		{C9BAE7B2-D02B-4D2B-968C-9343092A2817}.Release|ARM64.Build.0 = Release|Any CPU
		{C9BAE7B2-D02B-4D2B-968C-9343092A2817}.Release|iPhone.ActiveCfg = Release|Any CPU
		{C9BAE7B2-D02B-4D2B-968C-9343092A2817}.Release|iPhoneSimulator.ActiveCfg = Release|Any CPU
		{C9BAE7B2-D02B-4D2B-968C-9343092A2817}.Release|x64.ActiveCfg = Release|Any CPU
		{C9BAE7B2-D02B-4D2B-968C-9343092A2817}.Release|x64.Build.0 = Release|Any CPU
		{C9BAE7B2-D02B-4D2B-968C-9343092A2817}.Release|x86.ActiveCfg = Release|Any CPU
		{C9BAE7B2-D02B-4D2B-968C-9343092A2817}.Release|x86.Build.0 = Release|Any CPU
		{C9BAE7B2-D02B-4D2B-968C-9343092A2817}.Mac|Any CPU.ActiveCfg = Debug|Any CPU
		{C9BAE7B2-D02B-4D2B-968C-9343092A2817}.Mac|Any CPU.Build.0 = Debug|Any CPU
		{8BBAD068-799D-4466-9BA1-90F5C8AB4108}.Debug|Any CPU.ActiveCfg = Debug|Any CPU
		{8BBAD068-799D-4466-9BA1-90F5C8AB4108}.Debug|Any CPU.Build.0 = Debug|Any CPU
		{8BBAD068-799D-4466-9BA1-90F5C8AB4108}.Debug|ARM.ActiveCfg = Debug|Any CPU
		{8BBAD068-799D-4466-9BA1-90F5C8AB4108}.Debug|ARM.Build.0 = Debug|Any CPU
		{8BBAD068-799D-4466-9BA1-90F5C8AB4108}.Debug|ARM64.ActiveCfg = Debug|Any CPU
		{8BBAD068-799D-4466-9BA1-90F5C8AB4108}.Debug|ARM64.Build.0 = Debug|Any CPU
		{8BBAD068-799D-4466-9BA1-90F5C8AB4108}.Debug|iPhone.ActiveCfg = Debug|Any CPU
		{8BBAD068-799D-4466-9BA1-90F5C8AB4108}.Debug|iPhone.Build.0 = Debug|Any CPU
		{8BBAD068-799D-4466-9BA1-90F5C8AB4108}.Debug|iPhoneSimulator.ActiveCfg = Debug|Any CPU
		{8BBAD068-799D-4466-9BA1-90F5C8AB4108}.Debug|iPhoneSimulator.Build.0 = Debug|Any CPU
		{8BBAD068-799D-4466-9BA1-90F5C8AB4108}.Debug|x64.ActiveCfg = Debug|Any CPU
		{8BBAD068-799D-4466-9BA1-90F5C8AB4108}.Debug|x64.Build.0 = Debug|Any CPU
		{8BBAD068-799D-4466-9BA1-90F5C8AB4108}.Debug|x86.ActiveCfg = Debug|Any CPU
		{8BBAD068-799D-4466-9BA1-90F5C8AB4108}.Debug|x86.Build.0 = Debug|Any CPU
		{8BBAD068-799D-4466-9BA1-90F5C8AB4108}.Release|Any CPU.ActiveCfg = Release|Any CPU
		{8BBAD068-799D-4466-9BA1-90F5C8AB4108}.Release|Any CPU.Build.0 = Release|Any CPU
		{8BBAD068-799D-4466-9BA1-90F5C8AB4108}.Release|ARM.ActiveCfg = Release|Any CPU
		{8BBAD068-799D-4466-9BA1-90F5C8AB4108}.Release|ARM.Build.0 = Release|Any CPU
		{8BBAD068-799D-4466-9BA1-90F5C8AB4108}.Release|ARM64.ActiveCfg = Release|Any CPU
		{8BBAD068-799D-4466-9BA1-90F5C8AB4108}.Release|ARM64.Build.0 = Release|Any CPU
		{8BBAD068-799D-4466-9BA1-90F5C8AB4108}.Release|iPhone.ActiveCfg = Release|Any CPU
		{8BBAD068-799D-4466-9BA1-90F5C8AB4108}.Release|iPhone.Build.0 = Release|Any CPU
		{8BBAD068-799D-4466-9BA1-90F5C8AB4108}.Release|iPhoneSimulator.ActiveCfg = Release|Any CPU
		{8BBAD068-799D-4466-9BA1-90F5C8AB4108}.Release|iPhoneSimulator.Build.0 = Release|Any CPU
		{8BBAD068-799D-4466-9BA1-90F5C8AB4108}.Release|x64.ActiveCfg = Release|Any CPU
		{8BBAD068-799D-4466-9BA1-90F5C8AB4108}.Release|x64.Build.0 = Release|Any CPU
		{8BBAD068-799D-4466-9BA1-90F5C8AB4108}.Release|x86.ActiveCfg = Release|Any CPU
		{8BBAD068-799D-4466-9BA1-90F5C8AB4108}.Release|x86.Build.0 = Release|Any CPU
		{8BBAD068-799D-4466-9BA1-90F5C8AB4108}.Mac|Any CPU.ActiveCfg = Debug|Any CPU
		{8BBAD068-799D-4466-9BA1-90F5C8AB4108}.Mac|Any CPU.Build.0 = Debug|Any CPU
		{B2EE8D57-8F2A-4713-BEE8-76F760484E64}.Debug|Any CPU.ActiveCfg = Debug|Any CPU
		{B2EE8D57-8F2A-4713-BEE8-76F760484E64}.Debug|Any CPU.Build.0 = Debug|Any CPU
		{B2EE8D57-8F2A-4713-BEE8-76F760484E64}.Debug|ARM.ActiveCfg = Debug|Any CPU
		{B2EE8D57-8F2A-4713-BEE8-76F760484E64}.Debug|ARM.Build.0 = Debug|Any CPU
		{B2EE8D57-8F2A-4713-BEE8-76F760484E64}.Debug|ARM64.ActiveCfg = Debug|Any CPU
		{B2EE8D57-8F2A-4713-BEE8-76F760484E64}.Debug|ARM64.Build.0 = Debug|Any CPU
		{B2EE8D57-8F2A-4713-BEE8-76F760484E64}.Debug|iPhone.ActiveCfg = Debug|Any CPU
		{B2EE8D57-8F2A-4713-BEE8-76F760484E64}.Debug|iPhoneSimulator.ActiveCfg = Debug|Any CPU
		{B2EE8D57-8F2A-4713-BEE8-76F760484E64}.Debug|x64.ActiveCfg = Debug|Any CPU
		{B2EE8D57-8F2A-4713-BEE8-76F760484E64}.Debug|x64.Build.0 = Debug|Any CPU
		{B2EE8D57-8F2A-4713-BEE8-76F760484E64}.Debug|x86.ActiveCfg = Debug|Any CPU
		{B2EE8D57-8F2A-4713-BEE8-76F760484E64}.Debug|x86.Build.0 = Debug|Any CPU
		{B2EE8D57-8F2A-4713-BEE8-76F760484E64}.Release|Any CPU.ActiveCfg = Release|Any CPU
		{B2EE8D57-8F2A-4713-BEE8-76F760484E64}.Release|Any CPU.Build.0 = Release|Any CPU
		{B2EE8D57-8F2A-4713-BEE8-76F760484E64}.Release|ARM.ActiveCfg = Release|Any CPU
		{B2EE8D57-8F2A-4713-BEE8-76F760484E64}.Release|ARM.Build.0 = Release|Any CPU
		{B2EE8D57-8F2A-4713-BEE8-76F760484E64}.Release|ARM64.ActiveCfg = Release|Any CPU
		{B2EE8D57-8F2A-4713-BEE8-76F760484E64}.Release|ARM64.Build.0 = Release|Any CPU
		{B2EE8D57-8F2A-4713-BEE8-76F760484E64}.Release|iPhone.ActiveCfg = Release|Any CPU
		{B2EE8D57-8F2A-4713-BEE8-76F760484E64}.Release|iPhoneSimulator.ActiveCfg = Release|Any CPU
		{B2EE8D57-8F2A-4713-BEE8-76F760484E64}.Release|x64.ActiveCfg = Release|Any CPU
		{B2EE8D57-8F2A-4713-BEE8-76F760484E64}.Release|x64.Build.0 = Release|Any CPU
		{B2EE8D57-8F2A-4713-BEE8-76F760484E64}.Release|x86.ActiveCfg = Release|Any CPU
		{B2EE8D57-8F2A-4713-BEE8-76F760484E64}.Release|x86.Build.0 = Release|Any CPU
		{B2EE8D57-8F2A-4713-BEE8-76F760484E64}.Mac|Any CPU.ActiveCfg = Debug|Any CPU
		{B2EE8D57-8F2A-4713-BEE8-76F760484E64}.Mac|Any CPU.Build.0 = Debug|Any CPU
		{24FED1D4-D262-44C7-B4A1-00653B8F359C}.Debug|Any CPU.ActiveCfg = Debug|Any CPU
		{24FED1D4-D262-44C7-B4A1-00653B8F359C}.Debug|Any CPU.Build.0 = Debug|Any CPU
		{24FED1D4-D262-44C7-B4A1-00653B8F359C}.Debug|ARM.ActiveCfg = Debug|Any CPU
		{24FED1D4-D262-44C7-B4A1-00653B8F359C}.Debug|ARM.Build.0 = Debug|Any CPU
		{24FED1D4-D262-44C7-B4A1-00653B8F359C}.Debug|ARM64.ActiveCfg = Debug|Any CPU
		{24FED1D4-D262-44C7-B4A1-00653B8F359C}.Debug|ARM64.Build.0 = Debug|Any CPU
		{24FED1D4-D262-44C7-B4A1-00653B8F359C}.Debug|iPhone.ActiveCfg = Debug|Any CPU
		{24FED1D4-D262-44C7-B4A1-00653B8F359C}.Debug|iPhone.Build.0 = Debug|Any CPU
		{24FED1D4-D262-44C7-B4A1-00653B8F359C}.Debug|iPhoneSimulator.ActiveCfg = Debug|Any CPU
		{24FED1D4-D262-44C7-B4A1-00653B8F359C}.Debug|iPhoneSimulator.Build.0 = Debug|Any CPU
		{24FED1D4-D262-44C7-B4A1-00653B8F359C}.Debug|x64.ActiveCfg = Debug|Any CPU
		{24FED1D4-D262-44C7-B4A1-00653B8F359C}.Debug|x64.Build.0 = Debug|Any CPU
		{24FED1D4-D262-44C7-B4A1-00653B8F359C}.Debug|x86.ActiveCfg = Debug|Any CPU
		{24FED1D4-D262-44C7-B4A1-00653B8F359C}.Debug|x86.Build.0 = Debug|Any CPU
		{24FED1D4-D262-44C7-B4A1-00653B8F359C}.Release|Any CPU.ActiveCfg = Release|Any CPU
		{24FED1D4-D262-44C7-B4A1-00653B8F359C}.Release|Any CPU.Build.0 = Release|Any CPU
		{24FED1D4-D262-44C7-B4A1-00653B8F359C}.Release|ARM.ActiveCfg = Release|Any CPU
		{24FED1D4-D262-44C7-B4A1-00653B8F359C}.Release|ARM.Build.0 = Release|Any CPU
		{24FED1D4-D262-44C7-B4A1-00653B8F359C}.Release|ARM64.ActiveCfg = Release|Any CPU
		{24FED1D4-D262-44C7-B4A1-00653B8F359C}.Release|ARM64.Build.0 = Release|Any CPU
		{24FED1D4-D262-44C7-B4A1-00653B8F359C}.Release|iPhone.ActiveCfg = Release|Any CPU
		{24FED1D4-D262-44C7-B4A1-00653B8F359C}.Release|iPhone.Build.0 = Release|Any CPU
		{24FED1D4-D262-44C7-B4A1-00653B8F359C}.Release|iPhoneSimulator.ActiveCfg = Release|Any CPU
		{24FED1D4-D262-44C7-B4A1-00653B8F359C}.Release|iPhoneSimulator.Build.0 = Release|Any CPU
		{24FED1D4-D262-44C7-B4A1-00653B8F359C}.Release|x64.ActiveCfg = Release|Any CPU
		{24FED1D4-D262-44C7-B4A1-00653B8F359C}.Release|x64.Build.0 = Release|Any CPU
		{24FED1D4-D262-44C7-B4A1-00653B8F359C}.Release|x86.ActiveCfg = Release|Any CPU
		{24FED1D4-D262-44C7-B4A1-00653B8F359C}.Release|x86.Build.0 = Release|Any CPU
		{24FED1D4-D262-44C7-B4A1-00653B8F359C}.Mac|Any CPU.ActiveCfg = Debug|Any CPU
		{24FED1D4-D262-44C7-B4A1-00653B8F359C}.Mac|Any CPU.Build.0 = Debug|Any CPU
		{43FD4755-51E4-4D78-9E3B-90E0934F2773}.Debug|Any CPU.ActiveCfg = Debug|Any CPU
		{43FD4755-51E4-4D78-9E3B-90E0934F2773}.Debug|Any CPU.Build.0 = Debug|Any CPU
		{43FD4755-51E4-4D78-9E3B-90E0934F2773}.Debug|ARM.ActiveCfg = Debug|Any CPU
		{43FD4755-51E4-4D78-9E3B-90E0934F2773}.Debug|ARM.Build.0 = Debug|Any CPU
		{43FD4755-51E4-4D78-9E3B-90E0934F2773}.Debug|ARM64.ActiveCfg = Debug|Any CPU
		{43FD4755-51E4-4D78-9E3B-90E0934F2773}.Debug|ARM64.Build.0 = Debug|Any CPU
		{43FD4755-51E4-4D78-9E3B-90E0934F2773}.Debug|iPhone.ActiveCfg = Debug|Any CPU
		{43FD4755-51E4-4D78-9E3B-90E0934F2773}.Debug|iPhoneSimulator.ActiveCfg = Debug|Any CPU
		{43FD4755-51E4-4D78-9E3B-90E0934F2773}.Debug|x64.ActiveCfg = Debug|Any CPU
		{43FD4755-51E4-4D78-9E3B-90E0934F2773}.Debug|x64.Build.0 = Debug|Any CPU
		{43FD4755-51E4-4D78-9E3B-90E0934F2773}.Debug|x86.ActiveCfg = Debug|Any CPU
		{43FD4755-51E4-4D78-9E3B-90E0934F2773}.Debug|x86.Build.0 = Debug|Any CPU
		{43FD4755-51E4-4D78-9E3B-90E0934F2773}.Release|Any CPU.ActiveCfg = Release|Any CPU
		{43FD4755-51E4-4D78-9E3B-90E0934F2773}.Release|Any CPU.Build.0 = Release|Any CPU
		{43FD4755-51E4-4D78-9E3B-90E0934F2773}.Release|ARM.ActiveCfg = Release|Any CPU
		{43FD4755-51E4-4D78-9E3B-90E0934F2773}.Release|ARM.Build.0 = Release|Any CPU
		{43FD4755-51E4-4D78-9E3B-90E0934F2773}.Release|ARM64.ActiveCfg = Release|Any CPU
		{43FD4755-51E4-4D78-9E3B-90E0934F2773}.Release|ARM64.Build.0 = Release|Any CPU
		{43FD4755-51E4-4D78-9E3B-90E0934F2773}.Release|iPhone.ActiveCfg = Release|Any CPU
		{43FD4755-51E4-4D78-9E3B-90E0934F2773}.Release|iPhoneSimulator.ActiveCfg = Release|Any CPU
		{43FD4755-51E4-4D78-9E3B-90E0934F2773}.Release|x64.ActiveCfg = Release|Any CPU
		{43FD4755-51E4-4D78-9E3B-90E0934F2773}.Release|x64.Build.0 = Release|Any CPU
		{43FD4755-51E4-4D78-9E3B-90E0934F2773}.Release|x86.ActiveCfg = Release|Any CPU
		{43FD4755-51E4-4D78-9E3B-90E0934F2773}.Release|x86.Build.0 = Release|Any CPU
		{43FD4755-51E4-4D78-9E3B-90E0934F2773}.Mac|Any CPU.ActiveCfg = Mac|Any CPU
		{330B4E5A-E77F-4234-B1EC-ABAA3156219C}.Debug|Any CPU.ActiveCfg = Debug|Any CPU
		{330B4E5A-E77F-4234-B1EC-ABAA3156219C}.Debug|Any CPU.Build.0 = Debug|Any CPU
		{330B4E5A-E77F-4234-B1EC-ABAA3156219C}.Debug|ARM.ActiveCfg = Debug|Any CPU
		{330B4E5A-E77F-4234-B1EC-ABAA3156219C}.Debug|ARM.Build.0 = Debug|Any CPU
		{330B4E5A-E77F-4234-B1EC-ABAA3156219C}.Debug|ARM64.ActiveCfg = Debug|Any CPU
		{330B4E5A-E77F-4234-B1EC-ABAA3156219C}.Debug|ARM64.Build.0 = Debug|Any CPU
		{330B4E5A-E77F-4234-B1EC-ABAA3156219C}.Debug|iPhone.ActiveCfg = Debug|Any CPU
		{330B4E5A-E77F-4234-B1EC-ABAA3156219C}.Debug|iPhoneSimulator.ActiveCfg = Debug|Any CPU
		{330B4E5A-E77F-4234-B1EC-ABAA3156219C}.Debug|x64.ActiveCfg = Debug|Any CPU
		{330B4E5A-E77F-4234-B1EC-ABAA3156219C}.Debug|x64.Build.0 = Debug|Any CPU
		{330B4E5A-E77F-4234-B1EC-ABAA3156219C}.Debug|x86.ActiveCfg = Debug|Any CPU
		{330B4E5A-E77F-4234-B1EC-ABAA3156219C}.Debug|x86.Build.0 = Debug|Any CPU
		{330B4E5A-E77F-4234-B1EC-ABAA3156219C}.Release|Any CPU.ActiveCfg = Release|Any CPU
		{330B4E5A-E77F-4234-B1EC-ABAA3156219C}.Release|Any CPU.Build.0 = Release|Any CPU
		{330B4E5A-E77F-4234-B1EC-ABAA3156219C}.Release|ARM.ActiveCfg = Release|Any CPU
		{330B4E5A-E77F-4234-B1EC-ABAA3156219C}.Release|ARM.Build.0 = Release|Any CPU
		{330B4E5A-E77F-4234-B1EC-ABAA3156219C}.Release|ARM64.ActiveCfg = Release|Any CPU
		{330B4E5A-E77F-4234-B1EC-ABAA3156219C}.Release|ARM64.Build.0 = Release|Any CPU
		{330B4E5A-E77F-4234-B1EC-ABAA3156219C}.Release|iPhone.ActiveCfg = Release|Any CPU
		{330B4E5A-E77F-4234-B1EC-ABAA3156219C}.Release|iPhoneSimulator.ActiveCfg = Release|Any CPU
		{330B4E5A-E77F-4234-B1EC-ABAA3156219C}.Release|x64.ActiveCfg = Release|Any CPU
		{330B4E5A-E77F-4234-B1EC-ABAA3156219C}.Release|x64.Build.0 = Release|Any CPU
		{330B4E5A-E77F-4234-B1EC-ABAA3156219C}.Release|x86.ActiveCfg = Release|Any CPU
		{330B4E5A-E77F-4234-B1EC-ABAA3156219C}.Release|x86.Build.0 = Release|Any CPU
		{330B4E5A-E77F-4234-B1EC-ABAA3156219C}.Mac|Any CPU.ActiveCfg = Mac|Any CPU
		{A273122E-9D80-4386-BEFC-DC99E5A367E9}.Debug|Any CPU.ActiveCfg = Debug|Any CPU
		{A273122E-9D80-4386-BEFC-DC99E5A367E9}.Debug|Any CPU.Build.0 = Debug|Any CPU
		{A273122E-9D80-4386-BEFC-DC99E5A367E9}.Debug|ARM.ActiveCfg = Debug|Any CPU
		{A273122E-9D80-4386-BEFC-DC99E5A367E9}.Debug|ARM.Build.0 = Debug|Any CPU
		{A273122E-9D80-4386-BEFC-DC99E5A367E9}.Debug|ARM64.ActiveCfg = Debug|Any CPU
		{A273122E-9D80-4386-BEFC-DC99E5A367E9}.Debug|ARM64.Build.0 = Debug|Any CPU
		{A273122E-9D80-4386-BEFC-DC99E5A367E9}.Debug|iPhone.ActiveCfg = Debug|Any CPU
		{A273122E-9D80-4386-BEFC-DC99E5A367E9}.Debug|iPhone.Build.0 = Debug|Any CPU
		{A273122E-9D80-4386-BEFC-DC99E5A367E9}.Debug|iPhoneSimulator.ActiveCfg = Debug|Any CPU
		{A273122E-9D80-4386-BEFC-DC99E5A367E9}.Debug|iPhoneSimulator.Build.0 = Debug|Any CPU
		{A273122E-9D80-4386-BEFC-DC99E5A367E9}.Debug|x64.ActiveCfg = Debug|Any CPU
		{A273122E-9D80-4386-BEFC-DC99E5A367E9}.Debug|x64.Build.0 = Debug|Any CPU
		{A273122E-9D80-4386-BEFC-DC99E5A367E9}.Debug|x86.ActiveCfg = Debug|Any CPU
		{A273122E-9D80-4386-BEFC-DC99E5A367E9}.Debug|x86.Build.0 = Debug|Any CPU
		{A273122E-9D80-4386-BEFC-DC99E5A367E9}.Release|Any CPU.ActiveCfg = Release|Any CPU
		{A273122E-9D80-4386-BEFC-DC99E5A367E9}.Release|Any CPU.Build.0 = Release|Any CPU
		{A273122E-9D80-4386-BEFC-DC99E5A367E9}.Release|ARM.ActiveCfg = Release|Any CPU
		{A273122E-9D80-4386-BEFC-DC99E5A367E9}.Release|ARM.Build.0 = Release|Any CPU
		{A273122E-9D80-4386-BEFC-DC99E5A367E9}.Release|ARM64.ActiveCfg = Release|Any CPU
		{A273122E-9D80-4386-BEFC-DC99E5A367E9}.Release|ARM64.Build.0 = Release|Any CPU
		{A273122E-9D80-4386-BEFC-DC99E5A367E9}.Release|iPhone.ActiveCfg = Release|Any CPU
		{A273122E-9D80-4386-BEFC-DC99E5A367E9}.Release|iPhone.Build.0 = Release|Any CPU
		{A273122E-9D80-4386-BEFC-DC99E5A367E9}.Release|iPhoneSimulator.ActiveCfg = Release|Any CPU
		{A273122E-9D80-4386-BEFC-DC99E5A367E9}.Release|iPhoneSimulator.Build.0 = Release|Any CPU
		{A273122E-9D80-4386-BEFC-DC99E5A367E9}.Release|x64.ActiveCfg = Release|Any CPU
		{A273122E-9D80-4386-BEFC-DC99E5A367E9}.Release|x64.Build.0 = Release|Any CPU
		{A273122E-9D80-4386-BEFC-DC99E5A367E9}.Release|x86.ActiveCfg = Release|Any CPU
		{A273122E-9D80-4386-BEFC-DC99E5A367E9}.Release|x86.Build.0 = Release|Any CPU
		{A273122E-9D80-4386-BEFC-DC99E5A367E9}.Mac|Any CPU.ActiveCfg = Debug|Any CPU
		{A273122E-9D80-4386-BEFC-DC99E5A367E9}.Mac|Any CPU.Build.0 = Debug|Any CPU
		{42121297-6DD0-41A8-ABD2-DBB0FF8AEB5A}.Debug|Any CPU.ActiveCfg = Debug|Any CPU
		{42121297-6DD0-41A8-ABD2-DBB0FF8AEB5A}.Debug|Any CPU.Build.0 = Debug|Any CPU
		{42121297-6DD0-41A8-ABD2-DBB0FF8AEB5A}.Debug|ARM.ActiveCfg = Debug|Any CPU
		{42121297-6DD0-41A8-ABD2-DBB0FF8AEB5A}.Debug|ARM.Build.0 = Debug|Any CPU
		{42121297-6DD0-41A8-ABD2-DBB0FF8AEB5A}.Debug|ARM64.ActiveCfg = Debug|Any CPU
		{42121297-6DD0-41A8-ABD2-DBB0FF8AEB5A}.Debug|ARM64.Build.0 = Debug|Any CPU
		{42121297-6DD0-41A8-ABD2-DBB0FF8AEB5A}.Debug|iPhone.ActiveCfg = Debug|Any CPU
		{42121297-6DD0-41A8-ABD2-DBB0FF8AEB5A}.Debug|iPhone.Build.0 = Debug|Any CPU
		{42121297-6DD0-41A8-ABD2-DBB0FF8AEB5A}.Debug|iPhoneSimulator.ActiveCfg = Debug|Any CPU
		{42121297-6DD0-41A8-ABD2-DBB0FF8AEB5A}.Debug|iPhoneSimulator.Build.0 = Debug|Any CPU
		{42121297-6DD0-41A8-ABD2-DBB0FF8AEB5A}.Debug|x64.ActiveCfg = Debug|Any CPU
		{42121297-6DD0-41A8-ABD2-DBB0FF8AEB5A}.Debug|x64.Build.0 = Debug|Any CPU
		{42121297-6DD0-41A8-ABD2-DBB0FF8AEB5A}.Debug|x86.ActiveCfg = Debug|Any CPU
		{42121297-6DD0-41A8-ABD2-DBB0FF8AEB5A}.Debug|x86.Build.0 = Debug|Any CPU
		{42121297-6DD0-41A8-ABD2-DBB0FF8AEB5A}.Release|Any CPU.ActiveCfg = Release|Any CPU
		{42121297-6DD0-41A8-ABD2-DBB0FF8AEB5A}.Release|Any CPU.Build.0 = Release|Any CPU
		{42121297-6DD0-41A8-ABD2-DBB0FF8AEB5A}.Release|ARM.ActiveCfg = Release|Any CPU
		{42121297-6DD0-41A8-ABD2-DBB0FF8AEB5A}.Release|ARM.Build.0 = Release|Any CPU
		{42121297-6DD0-41A8-ABD2-DBB0FF8AEB5A}.Release|ARM64.ActiveCfg = Release|Any CPU
		{42121297-6DD0-41A8-ABD2-DBB0FF8AEB5A}.Release|ARM64.Build.0 = Release|Any CPU
		{42121297-6DD0-41A8-ABD2-DBB0FF8AEB5A}.Release|iPhone.ActiveCfg = Release|Any CPU
		{42121297-6DD0-41A8-ABD2-DBB0FF8AEB5A}.Release|iPhone.Build.0 = Release|Any CPU
		{42121297-6DD0-41A8-ABD2-DBB0FF8AEB5A}.Release|iPhoneSimulator.ActiveCfg = Release|Any CPU
		{42121297-6DD0-41A8-ABD2-DBB0FF8AEB5A}.Release|iPhoneSimulator.Build.0 = Release|Any CPU
		{42121297-6DD0-41A8-ABD2-DBB0FF8AEB5A}.Release|x64.ActiveCfg = Release|Any CPU
		{42121297-6DD0-41A8-ABD2-DBB0FF8AEB5A}.Release|x64.Build.0 = Release|Any CPU
		{42121297-6DD0-41A8-ABD2-DBB0FF8AEB5A}.Release|x86.ActiveCfg = Release|Any CPU
		{42121297-6DD0-41A8-ABD2-DBB0FF8AEB5A}.Release|x86.Build.0 = Release|Any CPU
		{42121297-6DD0-41A8-ABD2-DBB0FF8AEB5A}.Mac|Any CPU.ActiveCfg = Debug|Any CPU
		{42121297-6DD0-41A8-ABD2-DBB0FF8AEB5A}.Mac|Any CPU.Build.0 = Debug|Any CPU
		{2407E932-DA0B-40CF-89A6-B15FF6707D0E}.Debug|Any CPU.ActiveCfg = Debug|Any CPU
		{2407E932-DA0B-40CF-89A6-B15FF6707D0E}.Debug|Any CPU.Build.0 = Debug|Any CPU
		{2407E932-DA0B-40CF-89A6-B15FF6707D0E}.Debug|ARM.ActiveCfg = Debug|Any CPU
		{2407E932-DA0B-40CF-89A6-B15FF6707D0E}.Debug|ARM.Build.0 = Debug|Any CPU
		{2407E932-DA0B-40CF-89A6-B15FF6707D0E}.Debug|ARM64.ActiveCfg = Debug|Any CPU
		{2407E932-DA0B-40CF-89A6-B15FF6707D0E}.Debug|ARM64.Build.0 = Debug|Any CPU
		{2407E932-DA0B-40CF-89A6-B15FF6707D0E}.Debug|iPhone.ActiveCfg = Debug|Any CPU
		{2407E932-DA0B-40CF-89A6-B15FF6707D0E}.Debug|iPhone.Build.0 = Debug|Any CPU
		{2407E932-DA0B-40CF-89A6-B15FF6707D0E}.Debug|iPhoneSimulator.ActiveCfg = Debug|Any CPU
		{2407E932-DA0B-40CF-89A6-B15FF6707D0E}.Debug|iPhoneSimulator.Build.0 = Debug|Any CPU
		{2407E932-DA0B-40CF-89A6-B15FF6707D0E}.Debug|x64.ActiveCfg = Debug|Any CPU
		{2407E932-DA0B-40CF-89A6-B15FF6707D0E}.Debug|x64.Build.0 = Debug|Any CPU
		{2407E932-DA0B-40CF-89A6-B15FF6707D0E}.Debug|x86.ActiveCfg = Debug|Any CPU
		{2407E932-DA0B-40CF-89A6-B15FF6707D0E}.Debug|x86.Build.0 = Debug|Any CPU
		{2407E932-DA0B-40CF-89A6-B15FF6707D0E}.Release|Any CPU.ActiveCfg = Release|Any CPU
		{2407E932-DA0B-40CF-89A6-B15FF6707D0E}.Release|Any CPU.Build.0 = Release|Any CPU
		{2407E932-DA0B-40CF-89A6-B15FF6707D0E}.Release|ARM.ActiveCfg = Release|Any CPU
		{2407E932-DA0B-40CF-89A6-B15FF6707D0E}.Release|ARM.Build.0 = Release|Any CPU
		{2407E932-DA0B-40CF-89A6-B15FF6707D0E}.Release|ARM64.ActiveCfg = Release|Any CPU
		{2407E932-DA0B-40CF-89A6-B15FF6707D0E}.Release|ARM64.Build.0 = Release|Any CPU
		{2407E932-DA0B-40CF-89A6-B15FF6707D0E}.Release|iPhone.ActiveCfg = Release|Any CPU
		{2407E932-DA0B-40CF-89A6-B15FF6707D0E}.Release|iPhone.Build.0 = Release|Any CPU
		{2407E932-DA0B-40CF-89A6-B15FF6707D0E}.Release|iPhoneSimulator.ActiveCfg = Release|Any CPU
		{2407E932-DA0B-40CF-89A6-B15FF6707D0E}.Release|iPhoneSimulator.Build.0 = Release|Any CPU
		{2407E932-DA0B-40CF-89A6-B15FF6707D0E}.Release|x64.ActiveCfg = Release|Any CPU
		{2407E932-DA0B-40CF-89A6-B15FF6707D0E}.Release|x64.Build.0 = Release|Any CPU
		{2407E932-DA0B-40CF-89A6-B15FF6707D0E}.Release|x86.ActiveCfg = Release|Any CPU
		{2407E932-DA0B-40CF-89A6-B15FF6707D0E}.Release|x86.Build.0 = Release|Any CPU
		{2407E932-DA0B-40CF-89A6-B15FF6707D0E}.Mac|Any CPU.ActiveCfg = Debug|Any CPU
		{2407E932-DA0B-40CF-89A6-B15FF6707D0E}.Mac|Any CPU.Build.0 = Debug|Any CPU
		{51157A1A-1AEF-4C04-8E93-4A3E821B1099}.Debug|Any CPU.ActiveCfg = Debug|Any CPU
		{51157A1A-1AEF-4C04-8E93-4A3E821B1099}.Debug|Any CPU.Build.0 = Debug|Any CPU
		{51157A1A-1AEF-4C04-8E93-4A3E821B1099}.Debug|ARM.ActiveCfg = Debug|Any CPU
		{51157A1A-1AEF-4C04-8E93-4A3E821B1099}.Debug|ARM.Build.0 = Debug|Any CPU
		{51157A1A-1AEF-4C04-8E93-4A3E821B1099}.Debug|ARM64.ActiveCfg = Debug|Any CPU
		{51157A1A-1AEF-4C04-8E93-4A3E821B1099}.Debug|ARM64.Build.0 = Debug|Any CPU
		{51157A1A-1AEF-4C04-8E93-4A3E821B1099}.Debug|iPhone.ActiveCfg = Debug|Any CPU
		{51157A1A-1AEF-4C04-8E93-4A3E821B1099}.Debug|iPhone.Build.0 = Debug|Any CPU
		{51157A1A-1AEF-4C04-8E93-4A3E821B1099}.Debug|iPhoneSimulator.ActiveCfg = Debug|Any CPU
		{51157A1A-1AEF-4C04-8E93-4A3E821B1099}.Debug|iPhoneSimulator.Build.0 = Debug|Any CPU
		{51157A1A-1AEF-4C04-8E93-4A3E821B1099}.Debug|x64.ActiveCfg = Debug|Any CPU
		{51157A1A-1AEF-4C04-8E93-4A3E821B1099}.Debug|x64.Build.0 = Debug|Any CPU
		{51157A1A-1AEF-4C04-8E93-4A3E821B1099}.Debug|x86.ActiveCfg = Debug|Any CPU
		{51157A1A-1AEF-4C04-8E93-4A3E821B1099}.Debug|x86.Build.0 = Debug|Any CPU
		{51157A1A-1AEF-4C04-8E93-4A3E821B1099}.Release|Any CPU.ActiveCfg = Release|Any CPU
		{51157A1A-1AEF-4C04-8E93-4A3E821B1099}.Release|Any CPU.Build.0 = Release|Any CPU
		{51157A1A-1AEF-4C04-8E93-4A3E821B1099}.Release|ARM.ActiveCfg = Release|Any CPU
		{51157A1A-1AEF-4C04-8E93-4A3E821B1099}.Release|ARM.Build.0 = Release|Any CPU
		{51157A1A-1AEF-4C04-8E93-4A3E821B1099}.Release|ARM64.ActiveCfg = Release|Any CPU
		{51157A1A-1AEF-4C04-8E93-4A3E821B1099}.Release|ARM64.Build.0 = Release|Any CPU
		{51157A1A-1AEF-4C04-8E93-4A3E821B1099}.Release|iPhone.ActiveCfg = Release|Any CPU
		{51157A1A-1AEF-4C04-8E93-4A3E821B1099}.Release|iPhone.Build.0 = Release|Any CPU
		{51157A1A-1AEF-4C04-8E93-4A3E821B1099}.Release|iPhoneSimulator.ActiveCfg = Release|Any CPU
		{51157A1A-1AEF-4C04-8E93-4A3E821B1099}.Release|iPhoneSimulator.Build.0 = Release|Any CPU
		{51157A1A-1AEF-4C04-8E93-4A3E821B1099}.Release|x64.ActiveCfg = Release|Any CPU
		{51157A1A-1AEF-4C04-8E93-4A3E821B1099}.Release|x64.Build.0 = Release|Any CPU
		{51157A1A-1AEF-4C04-8E93-4A3E821B1099}.Release|x86.ActiveCfg = Release|Any CPU
		{51157A1A-1AEF-4C04-8E93-4A3E821B1099}.Release|x86.Build.0 = Release|Any CPU
		{51157A1A-1AEF-4C04-8E93-4A3E821B1099}.Mac|Any CPU.ActiveCfg = Debug|Any CPU
		{51157A1A-1AEF-4C04-8E93-4A3E821B1099}.Mac|Any CPU.Build.0 = Debug|Any CPU
		{93E20ABD-F9C5-4953-86D9-6E309CB4C20C}.Debug|Any CPU.ActiveCfg = Debug|Any CPU
		{93E20ABD-F9C5-4953-86D9-6E309CB4C20C}.Debug|Any CPU.Build.0 = Debug|Any CPU
		{93E20ABD-F9C5-4953-86D9-6E309CB4C20C}.Debug|ARM.ActiveCfg = Debug|Any CPU
		{93E20ABD-F9C5-4953-86D9-6E309CB4C20C}.Debug|ARM.Build.0 = Debug|Any CPU
		{93E20ABD-F9C5-4953-86D9-6E309CB4C20C}.Debug|ARM64.ActiveCfg = Debug|Any CPU
		{93E20ABD-F9C5-4953-86D9-6E309CB4C20C}.Debug|ARM64.Build.0 = Debug|Any CPU
		{93E20ABD-F9C5-4953-86D9-6E309CB4C20C}.Debug|iPhone.ActiveCfg = Debug|Any CPU
		{93E20ABD-F9C5-4953-86D9-6E309CB4C20C}.Debug|iPhone.Build.0 = Debug|Any CPU
		{93E20ABD-F9C5-4953-86D9-6E309CB4C20C}.Debug|iPhoneSimulator.ActiveCfg = Debug|Any CPU
		{93E20ABD-F9C5-4953-86D9-6E309CB4C20C}.Debug|iPhoneSimulator.Build.0 = Debug|Any CPU
		{93E20ABD-F9C5-4953-86D9-6E309CB4C20C}.Debug|x64.ActiveCfg = Debug|Any CPU
		{93E20ABD-F9C5-4953-86D9-6E309CB4C20C}.Debug|x64.Build.0 = Debug|Any CPU
		{93E20ABD-F9C5-4953-86D9-6E309CB4C20C}.Debug|x86.ActiveCfg = Debug|Any CPU
		{93E20ABD-F9C5-4953-86D9-6E309CB4C20C}.Debug|x86.Build.0 = Debug|Any CPU
		{93E20ABD-F9C5-4953-86D9-6E309CB4C20C}.Release|Any CPU.ActiveCfg = Release|Any CPU
		{93E20ABD-F9C5-4953-86D9-6E309CB4C20C}.Release|Any CPU.Build.0 = Release|Any CPU
		{93E20ABD-F9C5-4953-86D9-6E309CB4C20C}.Release|ARM.ActiveCfg = Release|Any CPU
		{93E20ABD-F9C5-4953-86D9-6E309CB4C20C}.Release|ARM.Build.0 = Release|Any CPU
		{93E20ABD-F9C5-4953-86D9-6E309CB4C20C}.Release|ARM64.ActiveCfg = Release|Any CPU
		{93E20ABD-F9C5-4953-86D9-6E309CB4C20C}.Release|ARM64.Build.0 = Release|Any CPU
		{93E20ABD-F9C5-4953-86D9-6E309CB4C20C}.Release|iPhone.ActiveCfg = Release|Any CPU
		{93E20ABD-F9C5-4953-86D9-6E309CB4C20C}.Release|iPhone.Build.0 = Release|Any CPU
		{93E20ABD-F9C5-4953-86D9-6E309CB4C20C}.Release|iPhoneSimulator.ActiveCfg = Release|Any CPU
		{93E20ABD-F9C5-4953-86D9-6E309CB4C20C}.Release|iPhoneSimulator.Build.0 = Release|Any CPU
		{93E20ABD-F9C5-4953-86D9-6E309CB4C20C}.Release|x64.ActiveCfg = Release|Any CPU
		{93E20ABD-F9C5-4953-86D9-6E309CB4C20C}.Release|x64.Build.0 = Release|Any CPU
		{93E20ABD-F9C5-4953-86D9-6E309CB4C20C}.Release|x86.ActiveCfg = Release|Any CPU
		{93E20ABD-F9C5-4953-86D9-6E309CB4C20C}.Release|x86.Build.0 = Release|Any CPU
		{93E20ABD-F9C5-4953-86D9-6E309CB4C20C}.Mac|Any CPU.ActiveCfg = Debug|Any CPU
		{93E20ABD-F9C5-4953-86D9-6E309CB4C20C}.Mac|Any CPU.Build.0 = Debug|Any CPU
		{477624A3-6059-4025-89BA-E9AA078239B9}.Debug|Any CPU.ActiveCfg = Debug|Any CPU
		{477624A3-6059-4025-89BA-E9AA078239B9}.Debug|Any CPU.Build.0 = Debug|Any CPU
		{477624A3-6059-4025-89BA-E9AA078239B9}.Debug|ARM.ActiveCfg = Debug|Any CPU
		{477624A3-6059-4025-89BA-E9AA078239B9}.Debug|ARM.Build.0 = Debug|Any CPU
		{477624A3-6059-4025-89BA-E9AA078239B9}.Debug|ARM64.ActiveCfg = Debug|Any CPU
		{477624A3-6059-4025-89BA-E9AA078239B9}.Debug|ARM64.Build.0 = Debug|Any CPU
		{477624A3-6059-4025-89BA-E9AA078239B9}.Debug|iPhone.ActiveCfg = Debug|Any CPU
		{477624A3-6059-4025-89BA-E9AA078239B9}.Debug|iPhone.Build.0 = Debug|Any CPU
		{477624A3-6059-4025-89BA-E9AA078239B9}.Debug|iPhoneSimulator.ActiveCfg = Debug|Any CPU
		{477624A3-6059-4025-89BA-E9AA078239B9}.Debug|iPhoneSimulator.Build.0 = Debug|Any CPU
		{477624A3-6059-4025-89BA-E9AA078239B9}.Debug|x64.ActiveCfg = Debug|Any CPU
		{477624A3-6059-4025-89BA-E9AA078239B9}.Debug|x64.Build.0 = Debug|Any CPU
		{477624A3-6059-4025-89BA-E9AA078239B9}.Debug|x86.ActiveCfg = Debug|Any CPU
		{477624A3-6059-4025-89BA-E9AA078239B9}.Debug|x86.Build.0 = Debug|Any CPU
		{477624A3-6059-4025-89BA-E9AA078239B9}.Release|Any CPU.ActiveCfg = Release|Any CPU
		{477624A3-6059-4025-89BA-E9AA078239B9}.Release|Any CPU.Build.0 = Release|Any CPU
		{477624A3-6059-4025-89BA-E9AA078239B9}.Release|ARM.ActiveCfg = Release|Any CPU
		{477624A3-6059-4025-89BA-E9AA078239B9}.Release|ARM.Build.0 = Release|Any CPU
		{477624A3-6059-4025-89BA-E9AA078239B9}.Release|ARM64.ActiveCfg = Release|Any CPU
		{477624A3-6059-4025-89BA-E9AA078239B9}.Release|ARM64.Build.0 = Release|Any CPU
		{477624A3-6059-4025-89BA-E9AA078239B9}.Release|iPhone.ActiveCfg = Release|Any CPU
		{477624A3-6059-4025-89BA-E9AA078239B9}.Release|iPhone.Build.0 = Release|Any CPU
		{477624A3-6059-4025-89BA-E9AA078239B9}.Release|iPhoneSimulator.ActiveCfg = Release|Any CPU
		{477624A3-6059-4025-89BA-E9AA078239B9}.Release|iPhoneSimulator.Build.0 = Release|Any CPU
		{477624A3-6059-4025-89BA-E9AA078239B9}.Release|x64.ActiveCfg = Release|Any CPU
		{477624A3-6059-4025-89BA-E9AA078239B9}.Release|x64.Build.0 = Release|Any CPU
		{477624A3-6059-4025-89BA-E9AA078239B9}.Release|x86.ActiveCfg = Release|Any CPU
		{477624A3-6059-4025-89BA-E9AA078239B9}.Release|x86.Build.0 = Release|Any CPU
		{477624A3-6059-4025-89BA-E9AA078239B9}.Mac|Any CPU.ActiveCfg = Debug|Any CPU
		{477624A3-6059-4025-89BA-E9AA078239B9}.Mac|Any CPU.Build.0 = Debug|Any CPU
		{0838D212-05E9-4BB9-A728-F197938BFFCF}.Debug|Any CPU.ActiveCfg = Debug|Any CPU
		{0838D212-05E9-4BB9-A728-F197938BFFCF}.Debug|Any CPU.Build.0 = Debug|Any CPU
		{0838D212-05E9-4BB9-A728-F197938BFFCF}.Debug|ARM.ActiveCfg = Debug|Any CPU
		{0838D212-05E9-4BB9-A728-F197938BFFCF}.Debug|ARM.Build.0 = Debug|Any CPU
		{0838D212-05E9-4BB9-A728-F197938BFFCF}.Debug|ARM64.ActiveCfg = Debug|Any CPU
		{0838D212-05E9-4BB9-A728-F197938BFFCF}.Debug|ARM64.Build.0 = Debug|Any CPU
		{0838D212-05E9-4BB9-A728-F197938BFFCF}.Debug|iPhone.ActiveCfg = Debug|Any CPU
		{0838D212-05E9-4BB9-A728-F197938BFFCF}.Debug|iPhone.Build.0 = Debug|Any CPU
		{0838D212-05E9-4BB9-A728-F197938BFFCF}.Debug|iPhoneSimulator.ActiveCfg = Debug|Any CPU
		{0838D212-05E9-4BB9-A728-F197938BFFCF}.Debug|iPhoneSimulator.Build.0 = Debug|Any CPU
		{0838D212-05E9-4BB9-A728-F197938BFFCF}.Debug|x64.ActiveCfg = Debug|Any CPU
		{0838D212-05E9-4BB9-A728-F197938BFFCF}.Debug|x64.Build.0 = Debug|Any CPU
		{0838D212-05E9-4BB9-A728-F197938BFFCF}.Debug|x86.ActiveCfg = Debug|Any CPU
		{0838D212-05E9-4BB9-A728-F197938BFFCF}.Debug|x86.Build.0 = Debug|Any CPU
		{0838D212-05E9-4BB9-A728-F197938BFFCF}.Release|Any CPU.ActiveCfg = Release|Any CPU
		{0838D212-05E9-4BB9-A728-F197938BFFCF}.Release|Any CPU.Build.0 = Release|Any CPU
		{0838D212-05E9-4BB9-A728-F197938BFFCF}.Release|ARM.ActiveCfg = Release|Any CPU
		{0838D212-05E9-4BB9-A728-F197938BFFCF}.Release|ARM.Build.0 = Release|Any CPU
		{0838D212-05E9-4BB9-A728-F197938BFFCF}.Release|ARM64.ActiveCfg = Release|Any CPU
		{0838D212-05E9-4BB9-A728-F197938BFFCF}.Release|ARM64.Build.0 = Release|Any CPU
		{0838D212-05E9-4BB9-A728-F197938BFFCF}.Release|iPhone.ActiveCfg = Release|Any CPU
		{0838D212-05E9-4BB9-A728-F197938BFFCF}.Release|iPhone.Build.0 = Release|Any CPU
		{0838D212-05E9-4BB9-A728-F197938BFFCF}.Release|iPhoneSimulator.ActiveCfg = Release|Any CPU
		{0838D212-05E9-4BB9-A728-F197938BFFCF}.Release|iPhoneSimulator.Build.0 = Release|Any CPU
		{0838D212-05E9-4BB9-A728-F197938BFFCF}.Release|x64.ActiveCfg = Release|Any CPU
		{0838D212-05E9-4BB9-A728-F197938BFFCF}.Release|x64.Build.0 = Release|Any CPU
		{0838D212-05E9-4BB9-A728-F197938BFFCF}.Release|x86.ActiveCfg = Release|Any CPU
		{0838D212-05E9-4BB9-A728-F197938BFFCF}.Release|x86.Build.0 = Release|Any CPU
		{0838D212-05E9-4BB9-A728-F197938BFFCF}.Mac|Any CPU.ActiveCfg = Debug|Any CPU
		{0838D212-05E9-4BB9-A728-F197938BFFCF}.Mac|Any CPU.Build.0 = Debug|Any CPU
		{8C817083-DEBF-4AC8-9C7F-1B2F9024B7FC}.Debug|Any CPU.ActiveCfg = Debug|Any CPU
		{8C817083-DEBF-4AC8-9C7F-1B2F9024B7FC}.Debug|Any CPU.Build.0 = Debug|Any CPU
		{8C817083-DEBF-4AC8-9C7F-1B2F9024B7FC}.Debug|ARM.ActiveCfg = Debug|Any CPU
		{8C817083-DEBF-4AC8-9C7F-1B2F9024B7FC}.Debug|ARM.Build.0 = Debug|Any CPU
		{8C817083-DEBF-4AC8-9C7F-1B2F9024B7FC}.Debug|ARM64.ActiveCfg = Debug|Any CPU
		{8C817083-DEBF-4AC8-9C7F-1B2F9024B7FC}.Debug|ARM64.Build.0 = Debug|Any CPU
		{8C817083-DEBF-4AC8-9C7F-1B2F9024B7FC}.Debug|iPhone.ActiveCfg = Debug|Any CPU
		{8C817083-DEBF-4AC8-9C7F-1B2F9024B7FC}.Debug|iPhone.Build.0 = Debug|Any CPU
		{8C817083-DEBF-4AC8-9C7F-1B2F9024B7FC}.Debug|iPhoneSimulator.ActiveCfg = Debug|Any CPU
		{8C817083-DEBF-4AC8-9C7F-1B2F9024B7FC}.Debug|iPhoneSimulator.Build.0 = Debug|Any CPU
		{8C817083-DEBF-4AC8-9C7F-1B2F9024B7FC}.Debug|x64.ActiveCfg = Debug|Any CPU
		{8C817083-DEBF-4AC8-9C7F-1B2F9024B7FC}.Debug|x64.Build.0 = Debug|Any CPU
		{8C817083-DEBF-4AC8-9C7F-1B2F9024B7FC}.Debug|x86.ActiveCfg = Debug|Any CPU
		{8C817083-DEBF-4AC8-9C7F-1B2F9024B7FC}.Debug|x86.Build.0 = Debug|Any CPU
		{8C817083-DEBF-4AC8-9C7F-1B2F9024B7FC}.Release|Any CPU.ActiveCfg = Release|Any CPU
		{8C817083-DEBF-4AC8-9C7F-1B2F9024B7FC}.Release|Any CPU.Build.0 = Release|Any CPU
		{8C817083-DEBF-4AC8-9C7F-1B2F9024B7FC}.Release|ARM.ActiveCfg = Release|Any CPU
		{8C817083-DEBF-4AC8-9C7F-1B2F9024B7FC}.Release|ARM.Build.0 = Release|Any CPU
		{8C817083-DEBF-4AC8-9C7F-1B2F9024B7FC}.Release|ARM64.ActiveCfg = Release|Any CPU
		{8C817083-DEBF-4AC8-9C7F-1B2F9024B7FC}.Release|ARM64.Build.0 = Release|Any CPU
		{8C817083-DEBF-4AC8-9C7F-1B2F9024B7FC}.Release|iPhone.ActiveCfg = Release|Any CPU
		{8C817083-DEBF-4AC8-9C7F-1B2F9024B7FC}.Release|iPhone.Build.0 = Release|Any CPU
		{8C817083-DEBF-4AC8-9C7F-1B2F9024B7FC}.Release|iPhoneSimulator.ActiveCfg = Release|Any CPU
		{8C817083-DEBF-4AC8-9C7F-1B2F9024B7FC}.Release|iPhoneSimulator.Build.0 = Release|Any CPU
		{8C817083-DEBF-4AC8-9C7F-1B2F9024B7FC}.Release|x64.ActiveCfg = Release|Any CPU
		{8C817083-DEBF-4AC8-9C7F-1B2F9024B7FC}.Release|x64.Build.0 = Release|Any CPU
		{8C817083-DEBF-4AC8-9C7F-1B2F9024B7FC}.Release|x86.ActiveCfg = Release|Any CPU
		{8C817083-DEBF-4AC8-9C7F-1B2F9024B7FC}.Release|x86.Build.0 = Release|Any CPU
		{8C817083-DEBF-4AC8-9C7F-1B2F9024B7FC}.Mac|Any CPU.ActiveCfg = Debug|Any CPU
		{8C817083-DEBF-4AC8-9C7F-1B2F9024B7FC}.Mac|Any CPU.Build.0 = Debug|Any CPU
		{BA7E0EFD-F6C6-4CA2-9C2E-601017898715}.Debug|Any CPU.ActiveCfg = Debug|Any CPU
		{BA7E0EFD-F6C6-4CA2-9C2E-601017898715}.Debug|Any CPU.Build.0 = Debug|Any CPU
		{BA7E0EFD-F6C6-4CA2-9C2E-601017898715}.Debug|ARM.ActiveCfg = Debug|Any CPU
		{BA7E0EFD-F6C6-4CA2-9C2E-601017898715}.Debug|ARM.Build.0 = Debug|Any CPU
		{BA7E0EFD-F6C6-4CA2-9C2E-601017898715}.Debug|ARM64.ActiveCfg = Debug|Any CPU
		{BA7E0EFD-F6C6-4CA2-9C2E-601017898715}.Debug|ARM64.Build.0 = Debug|Any CPU
		{BA7E0EFD-F6C6-4CA2-9C2E-601017898715}.Debug|iPhone.ActiveCfg = Debug|Any CPU
		{BA7E0EFD-F6C6-4CA2-9C2E-601017898715}.Debug|iPhone.Build.0 = Debug|Any CPU
		{BA7E0EFD-F6C6-4CA2-9C2E-601017898715}.Debug|iPhoneSimulator.ActiveCfg = Debug|Any CPU
		{BA7E0EFD-F6C6-4CA2-9C2E-601017898715}.Debug|iPhoneSimulator.Build.0 = Debug|Any CPU
		{BA7E0EFD-F6C6-4CA2-9C2E-601017898715}.Debug|x64.ActiveCfg = Debug|Any CPU
		{BA7E0EFD-F6C6-4CA2-9C2E-601017898715}.Debug|x64.Build.0 = Debug|Any CPU
		{BA7E0EFD-F6C6-4CA2-9C2E-601017898715}.Debug|x86.ActiveCfg = Debug|Any CPU
		{BA7E0EFD-F6C6-4CA2-9C2E-601017898715}.Debug|x86.Build.0 = Debug|Any CPU
		{BA7E0EFD-F6C6-4CA2-9C2E-601017898715}.Release|Any CPU.ActiveCfg = Release|Any CPU
		{BA7E0EFD-F6C6-4CA2-9C2E-601017898715}.Release|Any CPU.Build.0 = Release|Any CPU
		{BA7E0EFD-F6C6-4CA2-9C2E-601017898715}.Release|ARM.ActiveCfg = Release|Any CPU
		{BA7E0EFD-F6C6-4CA2-9C2E-601017898715}.Release|ARM.Build.0 = Release|Any CPU
		{BA7E0EFD-F6C6-4CA2-9C2E-601017898715}.Release|ARM64.ActiveCfg = Release|Any CPU
		{BA7E0EFD-F6C6-4CA2-9C2E-601017898715}.Release|ARM64.Build.0 = Release|Any CPU
		{BA7E0EFD-F6C6-4CA2-9C2E-601017898715}.Release|iPhone.ActiveCfg = Release|Any CPU
		{BA7E0EFD-F6C6-4CA2-9C2E-601017898715}.Release|iPhone.Build.0 = Release|Any CPU
		{BA7E0EFD-F6C6-4CA2-9C2E-601017898715}.Release|iPhoneSimulator.ActiveCfg = Release|Any CPU
		{BA7E0EFD-F6C6-4CA2-9C2E-601017898715}.Release|iPhoneSimulator.Build.0 = Release|Any CPU
		{BA7E0EFD-F6C6-4CA2-9C2E-601017898715}.Release|x64.ActiveCfg = Release|Any CPU
		{BA7E0EFD-F6C6-4CA2-9C2E-601017898715}.Release|x64.Build.0 = Release|Any CPU
		{BA7E0EFD-F6C6-4CA2-9C2E-601017898715}.Release|x86.ActiveCfg = Release|Any CPU
		{BA7E0EFD-F6C6-4CA2-9C2E-601017898715}.Release|x86.Build.0 = Release|Any CPU
		{BA7E0EFD-F6C6-4CA2-9C2E-601017898715}.Mac|Any CPU.ActiveCfg = Debug|Any CPU
		{BA7E0EFD-F6C6-4CA2-9C2E-601017898715}.Mac|Any CPU.Build.0 = Debug|Any CPU
		{55824BCE-37A4-4DD7-BC5B-D0FA555E693C}.Debug|Any CPU.ActiveCfg = Debug|Any CPU
		{55824BCE-37A4-4DD7-BC5B-D0FA555E693C}.Debug|Any CPU.Build.0 = Debug|Any CPU
		{55824BCE-37A4-4DD7-BC5B-D0FA555E693C}.Debug|ARM.ActiveCfg = Debug|Any CPU
		{55824BCE-37A4-4DD7-BC5B-D0FA555E693C}.Debug|ARM.Build.0 = Debug|Any CPU
		{55824BCE-37A4-4DD7-BC5B-D0FA555E693C}.Debug|ARM64.ActiveCfg = Debug|Any CPU
		{55824BCE-37A4-4DD7-BC5B-D0FA555E693C}.Debug|ARM64.Build.0 = Debug|Any CPU
		{55824BCE-37A4-4DD7-BC5B-D0FA555E693C}.Debug|iPhone.ActiveCfg = Debug|Any CPU
		{55824BCE-37A4-4DD7-BC5B-D0FA555E693C}.Debug|iPhone.Build.0 = Debug|Any CPU
		{55824BCE-37A4-4DD7-BC5B-D0FA555E693C}.Debug|iPhoneSimulator.ActiveCfg = Debug|Any CPU
		{55824BCE-37A4-4DD7-BC5B-D0FA555E693C}.Debug|iPhoneSimulator.Build.0 = Debug|Any CPU
		{55824BCE-37A4-4DD7-BC5B-D0FA555E693C}.Debug|x64.ActiveCfg = Debug|Any CPU
		{55824BCE-37A4-4DD7-BC5B-D0FA555E693C}.Debug|x64.Build.0 = Debug|Any CPU
		{55824BCE-37A4-4DD7-BC5B-D0FA555E693C}.Debug|x86.ActiveCfg = Debug|Any CPU
		{55824BCE-37A4-4DD7-BC5B-D0FA555E693C}.Debug|x86.Build.0 = Debug|Any CPU
		{55824BCE-37A4-4DD7-BC5B-D0FA555E693C}.Release|Any CPU.ActiveCfg = Release|Any CPU
		{55824BCE-37A4-4DD7-BC5B-D0FA555E693C}.Release|Any CPU.Build.0 = Release|Any CPU
		{55824BCE-37A4-4DD7-BC5B-D0FA555E693C}.Release|ARM.ActiveCfg = Release|Any CPU
		{55824BCE-37A4-4DD7-BC5B-D0FA555E693C}.Release|ARM.Build.0 = Release|Any CPU
		{55824BCE-37A4-4DD7-BC5B-D0FA555E693C}.Release|ARM64.ActiveCfg = Release|Any CPU
		{55824BCE-37A4-4DD7-BC5B-D0FA555E693C}.Release|ARM64.Build.0 = Release|Any CPU
		{55824BCE-37A4-4DD7-BC5B-D0FA555E693C}.Release|iPhone.ActiveCfg = Release|Any CPU
		{55824BCE-37A4-4DD7-BC5B-D0FA555E693C}.Release|iPhone.Build.0 = Release|Any CPU
		{55824BCE-37A4-4DD7-BC5B-D0FA555E693C}.Release|iPhoneSimulator.ActiveCfg = Release|Any CPU
		{55824BCE-37A4-4DD7-BC5B-D0FA555E693C}.Release|iPhoneSimulator.Build.0 = Release|Any CPU
		{55824BCE-37A4-4DD7-BC5B-D0FA555E693C}.Release|x64.ActiveCfg = Release|Any CPU
		{55824BCE-37A4-4DD7-BC5B-D0FA555E693C}.Release|x64.Build.0 = Release|Any CPU
		{55824BCE-37A4-4DD7-BC5B-D0FA555E693C}.Release|x86.ActiveCfg = Release|Any CPU
		{55824BCE-37A4-4DD7-BC5B-D0FA555E693C}.Release|x86.Build.0 = Release|Any CPU
		{55824BCE-37A4-4DD7-BC5B-D0FA555E693C}.Mac|Any CPU.ActiveCfg = Debug|Any CPU
		{55824BCE-37A4-4DD7-BC5B-D0FA555E693C}.Mac|Any CPU.Build.0 = Debug|Any CPU
	EndGlobalSection
	GlobalSection(SolutionProperties) = preSolution
		HideSolutionNode = FALSE
	EndGlobalSection
	GlobalSection(ExtensibilityGlobals) = postSolution
		SolutionGuid = {19ADDE4B-CDF7-4EAF-9ECC-D057C08CF9C2}
	EndGlobalSection
	GlobalSection(NestedProjects) = preSolution
		{7A8B7091-FDD4-4C44-8A1F-C1B46588D847} = {B895A5FB-2074-49F4-863B-F39DFC0357EC}
		{2719BB2D-6785-45DF-BA3C-5F203B0E3AB2} = {8D2303ED-10C4-4439-B3F2-2395CD06F88A}
		{7AEEF794-9078-449C-B415-A1C86337BEF6} = {8D2303ED-10C4-4439-B3F2-2395CD06F88A}
		{C90E0D5C-AF99-4098-9406-EE20DCA61DA5} = {0E00FD1E-1204-44CC-91D7-D9FC3109C696}
		{C9BAE7B2-D02B-4D2B-968C-9343092A2817} = {B895A5FB-2074-49F4-863B-F39DFC0357EC}
		{8BBAD068-799D-4466-9BA1-90F5C8AB4108} = {B895A5FB-2074-49F4-863B-F39DFC0357EC}
		{E4F8575A-D1AD-40CA-9935-BDF23BE96C12} = {0E00FD1E-1204-44CC-91D7-D9FC3109C696}
		{330B4E5A-E77F-4234-B1EC-ABAA3156219C} = {C90E0D5C-AF99-4098-9406-EE20DCA61DA5}
		{A273122E-9D80-4386-BEFC-DC99E5A367E9} = {E4F8575A-D1AD-40CA-9935-BDF23BE96C12}
		{5E61AB56-DAB3-44E6-94ED-47C20F8B3858} = {AB7BC37D-A8CD-4332-9FD7-5443EB6B559D}
		{C267AC31-4E31-4C9F-9A59-D36C0D504564} = {AB7BC37D-A8CD-4332-9FD7-5443EB6B559D}
		{72B6AEB6-E0A7-4D42-A164-199F3D74EBC7} = {C267AC31-4E31-4C9F-9A59-D36C0D504564}
		{43FD4755-51E4-4D78-9E3B-90E0934F2773} = {5E61AB56-DAB3-44E6-94ED-47C20F8B3858}
		{DF4A7A26-D04A-47CF-90FB-55DE98B05941} = {5E61AB56-DAB3-44E6-94ED-47C20F8B3858}
		{DB379CA8-64B4-41B6-B4A1-453F9D3D9AD3} = {DF4A7A26-D04A-47CF-90FB-55DE98B05941}
		{4D3B5288-697B-4C18-A64F-7D3766EF6E54} = {0E00FD1E-1204-44CC-91D7-D9FC3109C696}
		{42121297-6DD0-41A8-ABD2-DBB0FF8AEB5A} = {4D3B5288-697B-4C18-A64F-7D3766EF6E54}
		{2407E932-DA0B-40CF-89A6-B15FF6707D0E} = {4D3B5288-697B-4C18-A64F-7D3766EF6E54}
		{51157A1A-1AEF-4C04-8E93-4A3E821B1099} = {4D3B5288-697B-4C18-A64F-7D3766EF6E54}
		{93E20ABD-F9C5-4953-86D9-6E309CB4C20C} = {E4F8575A-D1AD-40CA-9935-BDF23BE96C12}
		{4ABEDB79-D3F7-4541-8DCF-84F4B84A295A} = {4D3B5288-697B-4C18-A64F-7D3766EF6E54}
		{477624A3-6059-4025-89BA-E9AA078239B9} = {4ABEDB79-D3F7-4541-8DCF-84F4B84A295A}
		{970ECED2-C333-4C00-A41F-2A4A724B5AD4} = {E4F8575A-D1AD-40CA-9935-BDF23BE96C12}
		{6F32B1C6-C4C2-4521-A449-0407BC8FBFE2} = {E4F8575A-D1AD-40CA-9935-BDF23BE96C12}
		{8DF6E74E-6119-4E0C-A275-8CD584EBD96E} = {0E00FD1E-1204-44CC-91D7-D9FC3109C696}
		{909DF3EE-ADE3-4A4F-801C-90D20F478CBC} = {0E00FD1E-1204-44CC-91D7-D9FC3109C696}
		{0838D212-05E9-4BB9-A728-F197938BFFCF} = {909DF3EE-ADE3-4A4F-801C-90D20F478CBC}
		{8C817083-DEBF-4AC8-9C7F-1B2F9024B7FC} = {909DF3EE-ADE3-4A4F-801C-90D20F478CBC}
		{BA7E0EFD-F6C6-4CA2-9C2E-601017898715} = {8DF6E74E-6119-4E0C-A275-8CD584EBD96E}
		{55824BCE-37A4-4DD7-BC5B-D0FA555E693C} = {8DF6E74E-6119-4E0C-A275-8CD584EBD96E}
	EndGlobalSection
EndGlobal
